
Microsoft Visual Studio Solution File, Format Version 12.00
# Visual Studio Version 16
VisualStudioVersion = 16.0.30114.105
MinimumVisualStudioVersion = 10.0.40219.1
Project("{FAE04EC0-301F-11D3-BF4B-00C04F79EFBC}") = "DotEngine", "DotEngine\DotEngine.csproj", "{2208EE38-BBCB-4F84-862C-9DF926BF1A7A}"
EndProject
Project("{FAE04EC0-301F-11D3-BF4B-00C04F79EFBC}") = "DotEngine.Log", "DotEngine.Log\DotEngine.Log.csproj", "{86E07563-4478-4540-B8EE-E3B1C9330036}"
EndProject
Project("{FAE04EC0-301F-11D3-BF4B-00C04F79EFBC}") = "DotEngine.Timer", "DotEngine.Timer\DotEngine.Timer.csproj", "{24659B5E-C5EF-4305-9AE4-5340D8663178}"
EndProject
Project("{FAE04EC0-301F-11D3-BF4B-00C04F79EFBC}") = "DotEngine.Net", "DotEngine.Net\DotEngine.Net.csproj", "{6BC8B95C-BD0B-4E1E-A362-1DEC111D9CAD}"
EndProject
Project("{FAE04EC0-301F-11D3-BF4B-00C04F79EFBC}") = "DotEngine.NativeDrawer", "DotEngine.NativeDrawer\DotEngine.NativeDrawer.csproj", "{6172552F-18A7-4A62-B798-EBC618B926AA}"
EndProject
Project("{FAE04EC0-301F-11D3-BF4B-00C04F79EFBC}") = "DotEditor", "DotEditor\DotEditor.csproj", "{55C6AF94-BF38-4A97-B9EB-CA6117E19DBE}"
EndProject
Project("{FAE04EC0-301F-11D3-BF4B-00C04F79EFBC}") = "DotEditor.NativeDrawer", "DotEditor.NativeDrawer\DotEditor.NativeDrawer.csproj", "{4102195A-E88C-4E09-A5DE-AA00E2C6C823}"
EndProject
Global
	GlobalSection(SolutionConfigurationPlatforms) = preSolution
		Debug|Any CPU = Debug|Any CPU
		Release|Any CPU = Release|Any CPU
	EndGlobalSection
	GlobalSection(ProjectConfigurationPlatforms) = postSolution
		{2208EE38-BBCB-4F84-862C-9DF926BF1A7A}.Debug|Any CPU.ActiveCfg = Debug|Any CPU
		{2208EE38-BBCB-4F84-862C-9DF926BF1A7A}.Debug|Any CPU.Build.0 = Debug|Any CPU
		{2208EE38-BBCB-4F84-862C-9DF926BF1A7A}.Release|Any CPU.ActiveCfg = Release|Any CPU
		{2208EE38-BBCB-4F84-862C-9DF926BF1A7A}.Release|Any CPU.Build.0 = Release|Any CPU
		{86E07563-4478-4540-B8EE-E3B1C9330036}.Debug|Any CPU.ActiveCfg = Debug|Any CPU
		{86E07563-4478-4540-B8EE-E3B1C9330036}.Debug|Any CPU.Build.0 = Debug|Any CPU
		{86E07563-4478-4540-B8EE-E3B1C9330036}.Release|Any CPU.ActiveCfg = Release|Any CPU
		{86E07563-4478-4540-B8EE-E3B1C9330036}.Release|Any CPU.Build.0 = Release|Any CPU
		{24659B5E-C5EF-4305-9AE4-5340D8663178}.Debug|Any CPU.ActiveCfg = Debug|Any CPU
		{24659B5E-C5EF-4305-9AE4-5340D8663178}.Debug|Any CPU.Build.0 = Debug|Any CPU
		{24659B5E-C5EF-4305-9AE4-5340D8663178}.Release|Any CPU.ActiveCfg = Release|Any CPU
		{24659B5E-C5EF-4305-9AE4-5340D8663178}.Release|Any CPU.Build.0 = Release|Any CPU
		{6BC8B95C-BD0B-4E1E-A362-1DEC111D9CAD}.Debug|Any CPU.ActiveCfg = Debug|Any CPU
		{6BC8B95C-BD0B-4E1E-A362-1DEC111D9CAD}.Debug|Any CPU.Build.0 = Debug|Any CPU
		{6BC8B95C-BD0B-4E1E-A362-1DEC111D9CAD}.Release|Any CPU.ActiveCfg = Release|Any CPU
		{6BC8B95C-BD0B-4E1E-A362-1DEC111D9CAD}.Release|Any CPU.Build.0 = Release|Any CPU
		{6172552F-18A7-4A62-B798-EBC618B926AA}.Debug|Any CPU.ActiveCfg = Debug|Any CPU
		{6172552F-18A7-4A62-B798-EBC618B926AA}.Debug|Any CPU.Build.0 = Debug|Any CPU
		{6172552F-18A7-4A62-B798-EBC618B926AA}.Release|Any CPU.ActiveCfg = Release|Any CPU
		{6172552F-18A7-4A62-B798-EBC618B926AA}.Release|Any CPU.Build.0 = Release|Any CPU
		{55C6AF94-BF38-4A97-B9EB-CA6117E19DBE}.Debug|Any CPU.ActiveCfg = Debug|Any CPU
		{55C6AF94-BF38-4A97-B9EB-CA6117E19DBE}.Debug|Any CPU.Build.0 = Debug|Any CPU
		{55C6AF94-BF38-4A97-B9EB-CA6117E19DBE}.Release|Any CPU.ActiveCfg = Release|Any CPU
		{55C6AF94-BF38-4A97-B9EB-CA6117E19DBE}.Release|Any CPU.Build.0 = Release|Any CPU
		{4102195A-E88C-4E09-A5DE-AA00E2C6C823}.Debug|Any CPU.ActiveCfg = Debug|Any CPU
		{4102195A-E88C-4E09-A5DE-AA00E2C6C823}.Debug|Any CPU.Build.0 = Debug|Any CPU
		{4102195A-E88C-4E09-A5DE-AA00E2C6C823}.Release|Any CPU.ActiveCfg = Release|Any CPU
		{4102195A-E88C-4E09-A5DE-AA00E2C6C823}.Release|Any CPU.Build.0 = Release|Any CPU
	EndGlobalSection
	GlobalSection(SolutionProperties) = preSolution
		HideSolutionNode = FALSE
	EndGlobalSection
	GlobalSection(ExtensibilityGlobals) = postSolution
		SolutionGuid = {50D7FFA4-F8FF-497E-A553-F62BF6798B3E}
	EndGlobalSection
EndGlobal
