
Microsoft Visual Studio Solution File, Format Version 12.00
# Visual Studio Version 16
VisualStudioVersion = 16.0.29920.165
MinimumVisualStudioVersion = 10.0.40219.1
Project("{FAE04EC0-301F-11D3-BF4B-00C04F79EFBC}") = "DotAI", "..\DotAI\DotAI\DotAI.csproj", "{6CD1DF6A-F498-4A2D-8A10-2C5D2E3CE2BC}"
EndProject
Project("{2150E333-8FDC-42A3-9474-1A3956D46DE8}") = "AI", "AI", "{F1824B42-A750-4477-B779-846A1B538D7E}"
EndProject
Project("{2150E333-8FDC-42A3-9474-1A3956D46DE8}") = "Core", "Core", "{709A3AA7-B089-443B-AAD9-14FF1391B8AF}"
EndProject
Project("{FAE04EC0-301F-11D3-BF4B-00C04F79EFBC}") = "DotCore", "..\DotCore\DotCore\DotCore.csproj", "{13725F38-BA86-4378-BA49-DD41BB638322}"
EndProject
Project("{2150E333-8FDC-42A3-9474-1A3956D46DE8}") = "Asset", "Asset", "{B703A39E-7F4B-494E-83DB-C062E74755A1}"
EndProject
Project("{2150E333-8FDC-42A3-9474-1A3956D46DE8}") = "Context", "Context", "{CC8E2041-9C5F-4B87-ABA5-ACD5B38BA72C}"
EndProject
Project("{2150E333-8FDC-42A3-9474-1A3956D46DE8}") = "Crypto", "Crypto", "{2745A3EF-613B-4A46-9497-661952A99C6A}"
EndProject
Project("{2150E333-8FDC-42A3-9474-1A3956D46DE8}") = "Dispatch", "Dispatch", "{E8311345-259B-4BCB-8512-A864C636F1D7}"
EndProject
Project("{2150E333-8FDC-42A3-9474-1A3956D46DE8}") = "GOPool", "GOPool", "{1C8DFF06-C9DB-4DFC-BA0F-5F54548FF593}"
EndProject
Project("{2150E333-8FDC-42A3-9474-1A3956D46DE8}") = "Log", "Log", "{77FBFE6D-AA57-4557-878E-39A6F2FEF5E4}"
EndProject
Project("{2150E333-8FDC-42A3-9474-1A3956D46DE8}") = "Map", "Map", "{4FE2A641-DF1B-412A-AFBB-B3DAA3977974}"
EndProject
Project("{2150E333-8FDC-42A3-9474-1A3956D46DE8}") = "Net", "Net", "{44725E6E-18AE-4531-85A8-EB2EF8F34D1F}"
EndProject
Project("{2150E333-8FDC-42A3-9474-1A3956D46DE8}") = "Serialize", "Serialize", "{F36D79C3-15EF-4F1E-829C-99D7E8CD20BD}"
EndProject
Project("{2150E333-8FDC-42A3-9474-1A3956D46DE8}") = "Timer", "Timer", "{01805268-CACF-47F0-B731-8E0C4346F44F}"
EndProject
Project("{2150E333-8FDC-42A3-9474-1A3956D46DE8}") = "UI", "UI", "{9C49A70C-CB13-4E06-B57B-262D555B78D1}"
EndProject
Project("{2150E333-8FDC-42A3-9474-1A3956D46DE8}") = "Others", "Others", "{D438FAEA-7AD2-48FA-A412-82358243CE82}"
EndProject
Project("{FAE04EC0-301F-11D3-BF4B-00C04F79EFBC}") = "DotAsset", "..\DotAsset\DotAsset\DotAsset.csproj", "{B79FB10B-44F2-4D0D-9A55-60D1BECC2C0F}"
EndProject
Project("{FAE04EC0-301F-11D3-BF4B-00C04F79EFBC}") = "DotAssetEditor", "..\DotAsset\DotAssetEditor\DotAssetEditor.csproj", "{571E6F1D-9386-4BC9-B6C5-FF282318A0E9}"
EndProject
Project("{FAE04EC0-301F-11D3-BF4B-00C04F79EFBC}") = "DotContext", "..\DotContext\DotContext\DotContext.csproj", "{F67355FC-787B-4C59-8CC6-6B1DEB433722}"
EndProject
Project("{FAE04EC0-301F-11D3-BF4B-00C04F79EFBC}") = "DotCoreEditor", "..\DotCore\DotCoreEditor\DotCoreEditor.csproj", "{FB339EC9-55A6-4789-A316-B6B7F7055161}"
EndProject
Project("{FAE04EC0-301F-11D3-BF4B-00C04F79EFBC}") = "DotCrypto", "..\DotCrypto\DotCrypto\DotCrypto.csproj", "{B9CB10B2-B310-446D-ACBA-3D0149251A93}"
EndProject
Project("{FAE04EC0-301F-11D3-BF4B-00C04F79EFBC}") = "DotDispatch", "..\DotDispatch\DotDispatch\DotDispatch.csproj", "{309C6243-2A4D-476F-8EC7-03ABA3410717}"
EndProject
Project("{FAE04EC0-301F-11D3-BF4B-00C04F79EFBC}") = "DotGOPool", "..\DotGOPool\DotGOPool\DotGOPool.csproj", "{7B7B91FD-BD29-446A-A347-940EA926CF47}"
EndProject
Project("{FAE04EC0-301F-11D3-BF4B-00C04F79EFBC}") = "DotLog", "..\DotLog\DotLog\DotLog.csproj", "{7C57EBB0-164B-4DF9-B6D5-B3096930B1E7}"
EndProject
Project("{FAE04EC0-301F-11D3-BF4B-00C04F79EFBC}") = "DotMap", "..\DotMap\DotMap\DotMap.csproj", "{F2983A4F-898A-40CE-8CF2-55DCB3E0843D}"
EndProject
Project("{FAE04EC0-301F-11D3-BF4B-00C04F79EFBC}") = "DotMapEditor", "..\DotMap\DotMapEditor\DotMapEditor.csproj", "{0D1A99C9-C6EA-496F-8363-22BF4FFCDCD6}"
EndProject
Project("{FAE04EC0-301F-11D3-BF4B-00C04F79EFBC}") = "DotNet", "..\DotNet\DotNet\DotNet.csproj", "{56689479-66E1-435D-959D-4C09B99787BA}"
EndProject
Project("{FAE04EC0-301F-11D3-BF4B-00C04F79EFBC}") = "DotSnappy", "..\DotSnappy\DotSnappy\DotSnappy.csproj", "{DD329D5D-D18D-4390-99E4-17439E8AD4D7}"
EndProject
Project("{FAE04EC0-301F-11D3-BF4B-00C04F79EFBC}") = "PriorityQueue", "..\PriorityQueue\PriorityQueue\PriorityQueue.csproj", "{ECBDFA0F-FED1-40AB-883D-F4A28245E418}"
EndProject
Project("{FAE04EC0-301F-11D3-BF4B-00C04F79EFBC}") = "DotSerialize", "..\DotSerialize\DotSerialize\DotSerialize.csproj", "{73C9C4DF-C46B-491F-88F3-B75E3293BE91}"
EndProject
Project("{FAE04EC0-301F-11D3-BF4B-00C04F79EFBC}") = "DotTimer", "..\DotTimer\DotTimer\DotTimer.csproj", "{7A4432FC-8A44-4EEA-94F0-B5A586BB15BD}"
EndProject
Project("{FAE04EC0-301F-11D3-BF4B-00C04F79EFBC}") = "DotUI", "..\DotUI\DotUI\DotUI.csproj", "{E8B86E93-50F2-4302-9110-0A80785D168C}"
EndProject
Project("{FAE04EC0-301F-11D3-BF4B-00C04F79EFBC}") = "DotUIEditor", "..\DotUI\DotUIEditor\DotUIEditor.csproj", "{1A172D5E-71EB-43BA-87B6-9BCB51D8B52E}"
EndProject
Project("{2150E333-8FDC-42A3-9474-1A3956D46DE8}") = "Tools", "Tools", "{889E7837-496F-4E56-A234-9055628B2514}"
EndProject
Project("{FAE04EC0-301F-11D3-BF4B-00C04F79EFBC}") = "DotTemplateEngine", "..\DotTemplateEngine\DotTemplateEngine\DotTemplateEngine.csproj", "{AC81F97B-6C91-46AE-8D98-C2ACDEC8311B}"
EndProject
Project("{2150E333-8FDC-42A3-9474-1A3956D46DE8}") = "TemplateEngine", "TemplateEngine", "{1BF44A39-720E-4D76-8DF9-5AE0AF1746C5}"
EndProject
Project("{2150E333-8FDC-42A3-9474-1A3956D46DE8}") = "ProtobufConfig", "ProtobufConfig", "{A7A2F9FF-5223-4C4F-A90B-FAA2D884BB85}"
EndProject
Project("{FAE04EC0-301F-11D3-BF4B-00C04F79EFBC}") = "ProtoConfigGenerator", "..\DotNet\ProtobufConfig\ProtoConfigGenerator\ProtoConfigGenerator.csproj", "{5E3E25BD-4874-413B-B17B-108FA5F9C6E0}"
EndProject
Project("{FAE04EC0-301F-11D3-BF4B-00C04F79EFBC}") = "ProtobufConfig", "..\DotNet\ProtobufConfig\ProtobufConfig\ProtobufConfig.csproj", "{5DAE2BFA-16AC-47DC-A1BD-4EADD081F1A7}"
EndProject
Project("{2150E333-8FDC-42A3-9474-1A3956D46DE8}") = "Timeline", "Timeline", "{20339161-AC90-4742-91D7-299884F3FFA9}"
EndProject
Project("{FAE04EC0-301F-11D3-BF4B-00C04F79EFBC}") = "DotTimeline", "..\DotTimeline\DotTimeline\DotTimeline.csproj", "{6EC75AEB-9EEF-4C0D-8DA4-6839F42C0071}"
EndProject
Project("{FAE04EC0-301F-11D3-BF4B-00C04F79EFBC}") = "DotTimelineEditor", "..\DotTimeline\DotTimelineEditor\DotTimelineEditor.csproj", "{34C9A33A-956C-44CE-BC0A-6EC067D75417}"
EndProject
Project("{2150E333-8FDC-42A3-9474-1A3956D46DE8}") = "Entity", "Entity", "{3D81F7D2-D6A5-4AA5-A047-4D3866100019}"
EndProject
Project("{FAE04EC0-301F-11D3-BF4B-00C04F79EFBC}") = "DotEntity", "..\DotEntity\DotEntity\DotEntity.csproj", "{3A84C575-17E4-43A8-86D2-CAE0DD1BD651}"
EndProject
Project("{FAE04EC0-301F-11D3-BF4B-00C04F79EFBC}") = "DotEntityEditor", "..\DotEntity\DotEntityEditor\DotEntityEditor.csproj", "{488F6A24-BBC4-4FDF-BF2C-5F10BFDFE526}"
EndProject
Project("{2150E333-8FDC-42A3-9474-1A3956D46DE8}") = "IO", "IO", "{D8D17367-96AB-4D46-8E0A-F61414BCFC8C}"
EndProject
Project("{2150E333-8FDC-42A3-9474-1A3956D46DE8}") = "Lua", "Lua", "{7BF457C9-2FED-4210-8182-40200889BE79}"
EndProject
Global
	GlobalSection(SolutionConfigurationPlatforms) = preSolution
		Debug|Any CPU = Debug|Any CPU
		Release|Any CPU = Release|Any CPU
	EndGlobalSection
	GlobalSection(ProjectConfigurationPlatforms) = postSolution
		{6CD1DF6A-F498-4A2D-8A10-2C5D2E3CE2BC}.Debug|Any CPU.ActiveCfg = Debug|Any CPU
		{6CD1DF6A-F498-4A2D-8A10-2C5D2E3CE2BC}.Debug|Any CPU.Build.0 = Debug|Any CPU
		{6CD1DF6A-F498-4A2D-8A10-2C5D2E3CE2BC}.Release|Any CPU.ActiveCfg = Release|Any CPU
		{6CD1DF6A-F498-4A2D-8A10-2C5D2E3CE2BC}.Release|Any CPU.Build.0 = Release|Any CPU
		{13725F38-BA86-4378-BA49-DD41BB638322}.Debug|Any CPU.ActiveCfg = Debug|Any CPU
		{13725F38-BA86-4378-BA49-DD41BB638322}.Debug|Any CPU.Build.0 = Debug|Any CPU
		{13725F38-BA86-4378-BA49-DD41BB638322}.Release|Any CPU.ActiveCfg = Release|Any CPU
		{13725F38-BA86-4378-BA49-DD41BB638322}.Release|Any CPU.Build.0 = Release|Any CPU
		{B79FB10B-44F2-4D0D-9A55-60D1BECC2C0F}.Debug|Any CPU.ActiveCfg = Debug|Any CPU
		{B79FB10B-44F2-4D0D-9A55-60D1BECC2C0F}.Debug|Any CPU.Build.0 = Debug|Any CPU
		{B79FB10B-44F2-4D0D-9A55-60D1BECC2C0F}.Release|Any CPU.ActiveCfg = Release|Any CPU
		{B79FB10B-44F2-4D0D-9A55-60D1BECC2C0F}.Release|Any CPU.Build.0 = Release|Any CPU
		{571E6F1D-9386-4BC9-B6C5-FF282318A0E9}.Debug|Any CPU.ActiveCfg = Debug|Any CPU
		{571E6F1D-9386-4BC9-B6C5-FF282318A0E9}.Debug|Any CPU.Build.0 = Debug|Any CPU
		{571E6F1D-9386-4BC9-B6C5-FF282318A0E9}.Release|Any CPU.ActiveCfg = Release|Any CPU
		{571E6F1D-9386-4BC9-B6C5-FF282318A0E9}.Release|Any CPU.Build.0 = Release|Any CPU
		{F67355FC-787B-4C59-8CC6-6B1DEB433722}.Debug|Any CPU.ActiveCfg = Debug|Any CPU
		{F67355FC-787B-4C59-8CC6-6B1DEB433722}.Debug|Any CPU.Build.0 = Debug|Any CPU
		{F67355FC-787B-4C59-8CC6-6B1DEB433722}.Release|Any CPU.ActiveCfg = Release|Any CPU
		{F67355FC-787B-4C59-8CC6-6B1DEB433722}.Release|Any CPU.Build.0 = Release|Any CPU
		{FB339EC9-55A6-4789-A316-B6B7F7055161}.Debug|Any CPU.ActiveCfg = Debug|Any CPU
		{FB339EC9-55A6-4789-A316-B6B7F7055161}.Debug|Any CPU.Build.0 = Debug|Any CPU
		{FB339EC9-55A6-4789-A316-B6B7F7055161}.Release|Any CPU.ActiveCfg = Release|Any CPU
		{FB339EC9-55A6-4789-A316-B6B7F7055161}.Release|Any CPU.Build.0 = Release|Any CPU
		{B9CB10B2-B310-446D-ACBA-3D0149251A93}.Debug|Any CPU.ActiveCfg = Debug|Any CPU
		{B9CB10B2-B310-446D-ACBA-3D0149251A93}.Debug|Any CPU.Build.0 = Debug|Any CPU
		{B9CB10B2-B310-446D-ACBA-3D0149251A93}.Release|Any CPU.ActiveCfg = Release|Any CPU
		{B9CB10B2-B310-446D-ACBA-3D0149251A93}.Release|Any CPU.Build.0 = Release|Any CPU
		{309C6243-2A4D-476F-8EC7-03ABA3410717}.Debug|Any CPU.ActiveCfg = Debug|Any CPU
		{309C6243-2A4D-476F-8EC7-03ABA3410717}.Debug|Any CPU.Build.0 = Debug|Any CPU
		{309C6243-2A4D-476F-8EC7-03ABA3410717}.Release|Any CPU.ActiveCfg = Release|Any CPU
		{309C6243-2A4D-476F-8EC7-03ABA3410717}.Release|Any CPU.Build.0 = Release|Any CPU
		{7B7B91FD-BD29-446A-A347-940EA926CF47}.Debug|Any CPU.ActiveCfg = Debug|Any CPU
		{7B7B91FD-BD29-446A-A347-940EA926CF47}.Debug|Any CPU.Build.0 = Debug|Any CPU
		{7B7B91FD-BD29-446A-A347-940EA926CF47}.Release|Any CPU.ActiveCfg = Release|Any CPU
		{7B7B91FD-BD29-446A-A347-940EA926CF47}.Release|Any CPU.Build.0 = Release|Any CPU
		{7C57EBB0-164B-4DF9-B6D5-B3096930B1E7}.Debug|Any CPU.ActiveCfg = Debug|Any CPU
		{7C57EBB0-164B-4DF9-B6D5-B3096930B1E7}.Debug|Any CPU.Build.0 = Debug|Any CPU
		{7C57EBB0-164B-4DF9-B6D5-B3096930B1E7}.Release|Any CPU.ActiveCfg = Release|Any CPU
		{7C57EBB0-164B-4DF9-B6D5-B3096930B1E7}.Release|Any CPU.Build.0 = Release|Any CPU
		{F2983A4F-898A-40CE-8CF2-55DCB3E0843D}.Debug|Any CPU.ActiveCfg = Debug|Any CPU
		{F2983A4F-898A-40CE-8CF2-55DCB3E0843D}.Debug|Any CPU.Build.0 = Debug|Any CPU
		{F2983A4F-898A-40CE-8CF2-55DCB3E0843D}.Release|Any CPU.ActiveCfg = Release|Any CPU
		{F2983A4F-898A-40CE-8CF2-55DCB3E0843D}.Release|Any CPU.Build.0 = Release|Any CPU
		{0D1A99C9-C6EA-496F-8363-22BF4FFCDCD6}.Debug|Any CPU.ActiveCfg = Debug|Any CPU
		{0D1A99C9-C6EA-496F-8363-22BF4FFCDCD6}.Debug|Any CPU.Build.0 = Debug|Any CPU
		{0D1A99C9-C6EA-496F-8363-22BF4FFCDCD6}.Release|Any CPU.ActiveCfg = Release|Any CPU
		{0D1A99C9-C6EA-496F-8363-22BF4FFCDCD6}.Release|Any CPU.Build.0 = Release|Any CPU
		{56689479-66E1-435D-959D-4C09B99787BA}.Debug|Any CPU.ActiveCfg = Debug|Any CPU
		{56689479-66E1-435D-959D-4C09B99787BA}.Debug|Any CPU.Build.0 = Debug|Any CPU
		{56689479-66E1-435D-959D-4C09B99787BA}.Release|Any CPU.ActiveCfg = Release|Any CPU
		{56689479-66E1-435D-959D-4C09B99787BA}.Release|Any CPU.Build.0 = Release|Any CPU
		{DD329D5D-D18D-4390-99E4-17439E8AD4D7}.Debug|Any CPU.ActiveCfg = Debug|Any CPU
		{DD329D5D-D18D-4390-99E4-17439E8AD4D7}.Debug|Any CPU.Build.0 = Debug|Any CPU
		{DD329D5D-D18D-4390-99E4-17439E8AD4D7}.Release|Any CPU.ActiveCfg = Release|Any CPU
		{DD329D5D-D18D-4390-99E4-17439E8AD4D7}.Release|Any CPU.Build.0 = Release|Any CPU
		{ECBDFA0F-FED1-40AB-883D-F4A28245E418}.Debug|Any CPU.ActiveCfg = Debug|Any CPU
		{ECBDFA0F-FED1-40AB-883D-F4A28245E418}.Debug|Any CPU.Build.0 = Debug|Any CPU
		{ECBDFA0F-FED1-40AB-883D-F4A28245E418}.Release|Any CPU.ActiveCfg = Release|Any CPU
		{ECBDFA0F-FED1-40AB-883D-F4A28245E418}.Release|Any CPU.Build.0 = Release|Any CPU
		{73C9C4DF-C46B-491F-88F3-B75E3293BE91}.Debug|Any CPU.ActiveCfg = Debug|Any CPU
		{73C9C4DF-C46B-491F-88F3-B75E3293BE91}.Debug|Any CPU.Build.0 = Debug|Any CPU
		{73C9C4DF-C46B-491F-88F3-B75E3293BE91}.Release|Any CPU.ActiveCfg = Release|Any CPU
		{73C9C4DF-C46B-491F-88F3-B75E3293BE91}.Release|Any CPU.Build.0 = Release|Any CPU
		{7A4432FC-8A44-4EEA-94F0-B5A586BB15BD}.Debug|Any CPU.ActiveCfg = Debug|Any CPU
		{7A4432FC-8A44-4EEA-94F0-B5A586BB15BD}.Debug|Any CPU.Build.0 = Debug|Any CPU
		{7A4432FC-8A44-4EEA-94F0-B5A586BB15BD}.Release|Any CPU.ActiveCfg = Release|Any CPU
		{7A4432FC-8A44-4EEA-94F0-B5A586BB15BD}.Release|Any CPU.Build.0 = Release|Any CPU
		{E8B86E93-50F2-4302-9110-0A80785D168C}.Debug|Any CPU.ActiveCfg = Debug|Any CPU
		{E8B86E93-50F2-4302-9110-0A80785D168C}.Debug|Any CPU.Build.0 = Debug|Any CPU
		{E8B86E93-50F2-4302-9110-0A80785D168C}.Release|Any CPU.ActiveCfg = Release|Any CPU
		{E8B86E93-50F2-4302-9110-0A80785D168C}.Release|Any CPU.Build.0 = Release|Any CPU
		{1A172D5E-71EB-43BA-87B6-9BCB51D8B52E}.Debug|Any CPU.ActiveCfg = Debug|Any CPU
		{1A172D5E-71EB-43BA-87B6-9BCB51D8B52E}.Debug|Any CPU.Build.0 = Debug|Any CPU
		{1A172D5E-71EB-43BA-87B6-9BCB51D8B52E}.Release|Any CPU.ActiveCfg = Release|Any CPU
		{1A172D5E-71EB-43BA-87B6-9BCB51D8B52E}.Release|Any CPU.Build.0 = Release|Any CPU
		{AC81F97B-6C91-46AE-8D98-C2ACDEC8311B}.Debug|Any CPU.ActiveCfg = Debug|Any CPU
		{AC81F97B-6C91-46AE-8D98-C2ACDEC8311B}.Debug|Any CPU.Build.0 = Debug|Any CPU
		{AC81F97B-6C91-46AE-8D98-C2ACDEC8311B}.Release|Any CPU.ActiveCfg = Release|Any CPU
		{AC81F97B-6C91-46AE-8D98-C2ACDEC8311B}.Release|Any CPU.Build.0 = Release|Any CPU
		{5E3E25BD-4874-413B-B17B-108FA5F9C6E0}.Debug|Any CPU.ActiveCfg = Debug|Any CPU
		{5E3E25BD-4874-413B-B17B-108FA5F9C6E0}.Debug|Any CPU.Build.0 = Debug|Any CPU
		{5E3E25BD-4874-413B-B17B-108FA5F9C6E0}.Release|Any CPU.ActiveCfg = Release|Any CPU
		{5E3E25BD-4874-413B-B17B-108FA5F9C6E0}.Release|Any CPU.Build.0 = Release|Any CPU
		{5DAE2BFA-16AC-47DC-A1BD-4EADD081F1A7}.Debug|Any CPU.ActiveCfg = Debug|Any CPU
		{5DAE2BFA-16AC-47DC-A1BD-4EADD081F1A7}.Debug|Any CPU.Build.0 = Debug|Any CPU
		{5DAE2BFA-16AC-47DC-A1BD-4EADD081F1A7}.Release|Any CPU.ActiveCfg = Release|Any CPU
		{5DAE2BFA-16AC-47DC-A1BD-4EADD081F1A7}.Release|Any CPU.Build.0 = Release|Any CPU
		{6EC75AEB-9EEF-4C0D-8DA4-6839F42C0071}.Debug|Any CPU.ActiveCfg = Debug|Any CPU
		{6EC75AEB-9EEF-4C0D-8DA4-6839F42C0071}.Debug|Any CPU.Build.0 = Debug|Any CPU
		{6EC75AEB-9EEF-4C0D-8DA4-6839F42C0071}.Release|Any CPU.ActiveCfg = Release|Any CPU
		{6EC75AEB-9EEF-4C0D-8DA4-6839F42C0071}.Release|Any CPU.Build.0 = Release|Any CPU
		{34C9A33A-956C-44CE-BC0A-6EC067D75417}.Debug|Any CPU.ActiveCfg = Debug|Any CPU
		{34C9A33A-956C-44CE-BC0A-6EC067D75417}.Debug|Any CPU.Build.0 = Debug|Any CPU
		{34C9A33A-956C-44CE-BC0A-6EC067D75417}.Release|Any CPU.ActiveCfg = Release|Any CPU
		{34C9A33A-956C-44CE-BC0A-6EC067D75417}.Release|Any CPU.Build.0 = Release|Any CPU
		{3A84C575-17E4-43A8-86D2-CAE0DD1BD651}.Debug|Any CPU.ActiveCfg = Debug|Any CPU
		{3A84C575-17E4-43A8-86D2-CAE0DD1BD651}.Debug|Any CPU.Build.0 = Debug|Any CPU
		{3A84C575-17E4-43A8-86D2-CAE0DD1BD651}.Release|Any CPU.ActiveCfg = Release|Any CPU
		{3A84C575-17E4-43A8-86D2-CAE0DD1BD651}.Release|Any CPU.Build.0 = Release|Any CPU
		{488F6A24-BBC4-4FDF-BF2C-5F10BFDFE526}.Debug|Any CPU.ActiveCfg = Debug|Any CPU
		{488F6A24-BBC4-4FDF-BF2C-5F10BFDFE526}.Debug|Any CPU.Build.0 = Debug|Any CPU
		{488F6A24-BBC4-4FDF-BF2C-5F10BFDFE526}.Release|Any CPU.ActiveCfg = Release|Any CPU
		{488F6A24-BBC4-4FDF-BF2C-5F10BFDFE526}.Release|Any CPU.Build.0 = Release|Any CPU
	EndGlobalSection
	GlobalSection(SolutionProperties) = preSolution
		HideSolutionNode = FALSE
	EndGlobalSection
	GlobalSection(NestedProjects) = preSolution
		{6CD1DF6A-F498-4A2D-8A10-2C5D2E3CE2BC} = {F1824B42-A750-4477-B779-846A1B538D7E}
		{13725F38-BA86-4378-BA49-DD41BB638322} = {709A3AA7-B089-443B-AAD9-14FF1391B8AF}
		{B79FB10B-44F2-4D0D-9A55-60D1BECC2C0F} = {B703A39E-7F4B-494E-83DB-C062E74755A1}
		{571E6F1D-9386-4BC9-B6C5-FF282318A0E9} = {B703A39E-7F4B-494E-83DB-C062E74755A1}
		{F67355FC-787B-4C59-8CC6-6B1DEB433722} = {CC8E2041-9C5F-4B87-ABA5-ACD5B38BA72C}
		{FB339EC9-55A6-4789-A316-B6B7F7055161} = {709A3AA7-B089-443B-AAD9-14FF1391B8AF}
		{B9CB10B2-B310-446D-ACBA-3D0149251A93} = {2745A3EF-613B-4A46-9497-661952A99C6A}
		{309C6243-2A4D-476F-8EC7-03ABA3410717} = {E8311345-259B-4BCB-8512-A864C636F1D7}
		{7B7B91FD-BD29-446A-A347-940EA926CF47} = {1C8DFF06-C9DB-4DFC-BA0F-5F54548FF593}
		{7C57EBB0-164B-4DF9-B6D5-B3096930B1E7} = {77FBFE6D-AA57-4557-878E-39A6F2FEF5E4}
		{F2983A4F-898A-40CE-8CF2-55DCB3E0843D} = {4FE2A641-DF1B-412A-AFBB-B3DAA3977974}
		{0D1A99C9-C6EA-496F-8363-22BF4FFCDCD6} = {4FE2A641-DF1B-412A-AFBB-B3DAA3977974}
		{56689479-66E1-435D-959D-4C09B99787BA} = {44725E6E-18AE-4531-85A8-EB2EF8F34D1F}
		{DD329D5D-D18D-4390-99E4-17439E8AD4D7} = {D438FAEA-7AD2-48FA-A412-82358243CE82}
		{ECBDFA0F-FED1-40AB-883D-F4A28245E418} = {D438FAEA-7AD2-48FA-A412-82358243CE82}
		{73C9C4DF-C46B-491F-88F3-B75E3293BE91} = {F36D79C3-15EF-4F1E-829C-99D7E8CD20BD}
		{7A4432FC-8A44-4EEA-94F0-B5A586BB15BD} = {01805268-CACF-47F0-B731-8E0C4346F44F}
		{E8B86E93-50F2-4302-9110-0A80785D168C} = {9C49A70C-CB13-4E06-B57B-262D555B78D1}
		{1A172D5E-71EB-43BA-87B6-9BCB51D8B52E} = {9C49A70C-CB13-4E06-B57B-262D555B78D1}
		{AC81F97B-6C91-46AE-8D98-C2ACDEC8311B} = {1BF44A39-720E-4D76-8DF9-5AE0AF1746C5}
		{1BF44A39-720E-4D76-8DF9-5AE0AF1746C5} = {889E7837-496F-4E56-A234-9055628B2514}
		{A7A2F9FF-5223-4C4F-A90B-FAA2D884BB85} = {889E7837-496F-4E56-A234-9055628B2514}
		{5E3E25BD-4874-413B-B17B-108FA5F9C6E0} = {A7A2F9FF-5223-4C4F-A90B-FAA2D884BB85}
		{5DAE2BFA-16AC-47DC-A1BD-4EADD081F1A7} = {A7A2F9FF-5223-4C4F-A90B-FAA2D884BB85}
		{6EC75AEB-9EEF-4C0D-8DA4-6839F42C0071} = {20339161-AC90-4742-91D7-299884F3FFA9}
		{34C9A33A-956C-44CE-BC0A-6EC067D75417} = {20339161-AC90-4742-91D7-299884F3FFA9}
		{3A84C575-17E4-43A8-86D2-CAE0DD1BD651} = {3D81F7D2-D6A5-4AA5-A047-4D3866100019}
		{488F6A24-BBC4-4FDF-BF2C-5F10BFDFE526} = {3D81F7D2-D6A5-4AA5-A047-4D3866100019}
	EndGlobalSection
	GlobalSection(ExtensibilityGlobals) = postSolution
		SolutionGuid = {47FC44EA-F87D-4456-A8D2-E6113377EC98}
	EndGlobalSection
EndGlobal
