
Microsoft Visual Studio Solution File, Format Version 12.00
# Visual Studio Version 16
VisualStudioVersion = 16.0.29905.134
MinimumVisualStudioVersion = 10.0.40219.1
Project("{FAE04EC0-301F-11D3-BF4B-00C04F79EFBC}") = "DotTimer", "DotTimer\DotTimer.csproj", "{7A4432FC-8A44-4EEA-94F0-B5A586BB15BD}"
EndProject
Global
	GlobalSection(SolutionConfigurationPlatforms) = preSolution
		Debug|Any CPU = Debug|Any CPU
		Release|Any CPU = Release|Any CPU
	EndGlobalSection
	GlobalSection(ProjectConfigurationPlatforms) = postSolution
		{7A4432FC-8A44-4EEA-94F0-B5A586BB15BD}.Debug|Any CPU.ActiveCfg = Debug|Any CPU
		{7A4432FC-8A44-4EEA-94F0-B5A586BB15BD}.Debug|Any CPU.Build.0 = Debug|Any CPU
		{7A4432FC-8A44-4EEA-94F0-B5A586BB15BD}.Release|Any CPU.ActiveCfg = Release|Any CPU
		{7A4432FC-8A44-4EEA-94F0-B5A586BB15BD}.Release|Any CPU.Build.0 = Release|Any CPU
	EndGlobalSection
	GlobalSection(SolutionProperties) = preSolution
		HideSolutionNode = FALSE
	EndGlobalSection
	GlobalSection(ExtensibilityGlobals) = postSolution
		SolutionGuid = {B9497093-6689-460F-9B46-FA9E30252541}
	EndGlobalSection
EndGlobal
