
Microsoft Visual Studio Solution File, Format Version 12.00
# Visual Studio Version 16
VisualStudioVersion = 16.0.29911.84
MinimumVisualStudioVersion = 10.0.40219.1
Project("{FAE04EC0-301F-11D3-BF4B-00C04F79EFBC}") = "DotDispatch", "DotDispatch\DotDispatch.csproj", "{309C6243-2A4D-476F-8EC7-03ABA3410717}"
EndProject
Global
	GlobalSection(SolutionConfigurationPlatforms) = preSolution
		Debug|Any CPU = Debug|Any CPU
		Release|Any CPU = Release|Any CPU
	EndGlobalSection
	GlobalSection(ProjectConfigurationPlatforms) = postSolution
		{309C6243-2A4D-476F-8EC7-03ABA3410717}.Debug|Any CPU.ActiveCfg = Debug|Any CPU
		{309C6243-2A4D-476F-8EC7-03ABA3410717}.Debug|Any CPU.Build.0 = Debug|Any CPU
		{309C6243-2A4D-476F-8EC7-03ABA3410717}.Release|Any CPU.ActiveCfg = Release|Any CPU
		{309C6243-2A4D-476F-8EC7-03ABA3410717}.Release|Any CPU.Build.0 = Release|Any CPU
	EndGlobalSection
	GlobalSection(SolutionProperties) = preSolution
		HideSolutionNode = FALSE
	EndGlobalSection
	GlobalSection(ExtensibilityGlobals) = postSolution
		SolutionGuid = {FA57AE63-8929-457E-9681-E478047794B2}
	EndGlobalSection
EndGlobal
