
Microsoft Visual Studio Solution File, Format Version 12.00
# Visual Studio Version 16
VisualStudioVersion = 16.0.29905.134
MinimumVisualStudioVersion = 10.0.40219.1
Project("{FAE04EC0-301F-11D3-BF4B-00C04F79EFBC}") = "DotCore", "DotCore\DotCore.csproj", "{13725F38-BA86-4378-BA49-DD41BB638322}"
EndProject
Project("{FAE04EC0-301F-11D3-BF4B-00C04F79EFBC}") = "DotCoreEditor", "DotCoreEditor\DotCoreEditor.csproj", "{FB339EC9-55A6-4789-A316-B6B7F7055161}"
EndProject
Global
	GlobalSection(SolutionConfigurationPlatforms) = preSolution
		Debug|Any CPU = Debug|Any CPU
		Release|Any CPU = Release|Any CPU
	EndGlobalSection
	GlobalSection(ProjectConfigurationPlatforms) = postSolution
		{13725F38-BA86-4378-BA49-DD41BB638322}.Debug|Any CPU.ActiveCfg = Debug|Any CPU
		{13725F38-BA86-4378-BA49-DD41BB638322}.Debug|Any CPU.Build.0 = Debug|Any CPU
		{13725F38-BA86-4378-BA49-DD41BB638322}.Release|Any CPU.ActiveCfg = Release|Any CPU
		{13725F38-BA86-4378-BA49-DD41BB638322}.Release|Any CPU.Build.0 = Release|Any CPU
		{FB339EC9-55A6-4789-A316-B6B7F7055161}.Debug|Any CPU.ActiveCfg = Debug|Any CPU
		{FB339EC9-55A6-4789-A316-B6B7F7055161}.Debug|Any CPU.Build.0 = Debug|Any CPU
		{FB339EC9-55A6-4789-A316-B6B7F7055161}.Release|Any CPU.ActiveCfg = Release|Any CPU
		{FB339EC9-55A6-4789-A316-B6B7F7055161}.Release|Any CPU.Build.0 = Release|Any CPU
	EndGlobalSection
	GlobalSection(SolutionProperties) = preSolution
		HideSolutionNode = FALSE
	EndGlobalSection
	GlobalSection(ExtensibilityGlobals) = postSolution
		SolutionGuid = {97A19380-9709-4EF7-888D-092EB5FB3D23}
	EndGlobalSection
EndGlobal
