
Microsoft Visual Studio Solution File, Format Version 12.00
# Visual Studio Version 16
VisualStudioVersion = 16.0.29926.136
MinimumVisualStudioVersion = 10.0.40219.1
Project("{FAE04EC0-301F-11D3-BF4B-00C04F79EFBC}") = "DotGUI", "DotGUI\DotGUI.csproj", "{58A493EC-9621-4800-8C87-D393F373324F}"
EndProject
Project("{FAE04EC0-301F-11D3-BF4B-00C04F79EFBC}") = "DotGUIEditor", "DotGUIEditor\DotGUIEditor.csproj", "{0708A2A4-258A-415B-8830-F1A6619DFCF4}"
EndProject
Global
	GlobalSection(SolutionConfigurationPlatforms) = preSolution
		Debug|Any CPU = Debug|Any CPU
		Release|Any CPU = Release|Any CPU
	EndGlobalSection
	GlobalSection(ProjectConfigurationPlatforms) = postSolution
		{58A493EC-9621-4800-8C87-D393F373324F}.Debug|Any CPU.ActiveCfg = Debug|Any CPU
		{58A493EC-9621-4800-8C87-D393F373324F}.Debug|Any CPU.Build.0 = Debug|Any CPU
		{58A493EC-9621-4800-8C87-D393F373324F}.Release|Any CPU.ActiveCfg = Release|Any CPU
		{58A493EC-9621-4800-8C87-D393F373324F}.Release|Any CPU.Build.0 = Release|Any CPU
		{0708A2A4-258A-415B-8830-F1A6619DFCF4}.Debug|Any CPU.ActiveCfg = Debug|Any CPU
		{0708A2A4-258A-415B-8830-F1A6619DFCF4}.Debug|Any CPU.Build.0 = Debug|Any CPU
		{0708A2A4-258A-415B-8830-F1A6619DFCF4}.Release|Any CPU.ActiveCfg = Release|Any CPU
		{0708A2A4-258A-415B-8830-F1A6619DFCF4}.Release|Any CPU.Build.0 = Release|Any CPU
	EndGlobalSection
	GlobalSection(SolutionProperties) = preSolution
		HideSolutionNode = FALSE
	EndGlobalSection
	GlobalSection(ExtensibilityGlobals) = postSolution
		SolutionGuid = {01A10158-3BA1-41AC-8B57-3B55D9D7200D}
	EndGlobalSection
EndGlobal
