
Microsoft Visual Studio Solution File, Format Version 12.00
# Visual Studio Version 16
VisualStudioVersion = 16.0.30128.74
MinimumVisualStudioVersion = 10.0.40219.1
Project("{FAE04EC0-301F-11D3-BF4B-00C04F79EFBC}") = "DotEngine", "DotEngine\DotEngine.csproj", "{E5179EEC-4A25-482F-B2EE-7662F1184687}"
EndProject
Project("{FAE04EC0-301F-11D3-BF4B-00C04F79EFBC}") = "DotEditor", "DotEditor\DotEditor.csproj", "{2A97773B-4917-4EA9-8840-1DFCA8DC5F04}"
EndProject
Project("{2150E333-8FDC-42A3-9474-1A3956D46DE8}") = "Framework", "Framework", "{88A76105-91F6-4DC8-91C1-A124BE21C521}"
EndProject
Project("{FAE04EC0-301F-11D3-BF4B-00C04F79EFBC}") = "DotEngine.Framework", "Framework\DotEngine.Framework\DotEngine.Framework.csproj", "{A5D87CC3-4AC3-4D9F-AE97-92F81DE8AFE8}"
EndProject
Project("{2150E333-8FDC-42A3-9474-1A3956D46DE8}") = "Net", "Net", "{35239EE1-9B8B-44AD-844E-A7B1BDF66FCE}"
EndProject
Project("{2150E333-8FDC-42A3-9474-1A3956D46DE8}") = "Others", "Others", "{2B603DA9-4E2D-45CA-8502-240A79E0334E}"
EndProject
Project("{FAE04EC0-301F-11D3-BF4B-00C04F79EFBC}") = "PriorityQueue", "Others\PriorityQueue\PriorityQueue.csproj", "{ECBDFA0F-FED1-40AB-883D-F4A28245E418}"
EndProject
Project("{FAE04EC0-301F-11D3-BF4B-00C04F79EFBC}") = "Snappy.Net", "Others\Snappy.Net\Snappy.Net.csproj", "{DD329D5D-D18D-4390-99E4-17439E8AD4D7}"
EndProject
Project("{FAE04EC0-301F-11D3-BF4B-00C04F79EFBC}") = "DotTool.PBConfig", "Net\DotTool.PBConfig\DotTool.PBConfig.csproj", "{84938CC6-540B-46B2-ADA0-4271F6E68982}"
EndProject
Project("{FAE04EC0-301F-11D3-BF4B-00C04F79EFBC}") = "PBConfigGUI", "Net\PBConfigGUI\PBConfigGUI.csproj", "{832D1995-BEB4-42D1-B6EF-0C172C1BBBC3}"
EndProject
Project("{FAE04EC0-301F-11D3-BF4B-00C04F79EFBC}") = "PBConfigTool", "Net\PBConfigTool\PBConfigTool.csproj", "{8F50A017-9945-4F13-BDAC-7243BCE33E0D}"
EndProject
Project("{2150E333-8FDC-42A3-9474-1A3956D46DE8}") = "Tools", "Tools", "{AEFFEF3C-B6BA-4ADB-A6F7-6C042B138623}"
EndProject
Project("{FAE04EC0-301F-11D3-BF4B-00C04F79EFBC}") = "DotTool.ScriptGenerate", "Tools\DotTool.ScriptGenerate\DotTool.ScriptGenerate.csproj", "{F710F578-3D80-475E-BB1B-1CBB966C7C13}"
EndProject
Project("{FAE04EC0-301F-11D3-BF4B-00C04F79EFBC}") = "ScriptGenerateDemo", "Tools\ScriptGenerateDemo\ScriptGenerateDemo.csproj", "{081E7A5B-5EBB-43D7-B332-BE1F8A3CF93C}"
EndProject
Project("{2150E333-8FDC-42A3-9474-1A3956D46DE8}") = "Config", "Config", "{8A8B6384-67C3-407D-B0F2-1A66DD57AE80}"
EndProject
Project("{FAE04EC0-301F-11D3-BF4B-00C04F79EFBC}") = "DotTool.ExcelToData", "Config\DotTool.ExcelToData\DotTool.ExcelToData.csproj", "{92A3C239-7338-4F74-977A-7E428D710396}"
EndProject
Project("{FAE04EC0-301F-11D3-BF4B-00C04F79EFBC}") = "ExcelToDataTool", "Config\ExcelToDataTool\ExcelToDataTool.csproj", "{F1BD7EEE-6233-4FC4-89B7-F5E8EAE3C547}"
EndProject
Project("{2150E333-8FDC-42A3-9474-1A3956D46DE8}") = "Context", "Context", "{7F26AF0F-9B28-4A78-AA0C-48ED33A76735}"
EndProject
Project("{FAE04EC0-301F-11D3-BF4B-00C04F79EFBC}") = "DotEngine.Context", "Context\DotEngine.Context\DotEngine.Context.csproj", "{973BA58F-3FD4-4A7D-AEEE-C9E0F135B12A}"
EndProject
Project("{2150E333-8FDC-42A3-9474-1A3956D46DE8}") = "Log", "Log", "{153B57DD-3C23-45A1-A733-5D799199718E}"
EndProject
Project("{FAE04EC0-301F-11D3-BF4B-00C04F79EFBC}") = "DotEngine.Log", "Log\DotEngine.Log\DotEngine.Log.csproj", "{66AA6B81-B885-44B8-B471-4F104FF97A03}"
EndProject
Global
	GlobalSection(SolutionConfigurationPlatforms) = preSolution
		Debug|Any CPU = Debug|Any CPU
		Release|Any CPU = Release|Any CPU
	EndGlobalSection
	GlobalSection(ProjectConfigurationPlatforms) = postSolution
		{E5179EEC-4A25-482F-B2EE-7662F1184687}.Debug|Any CPU.ActiveCfg = Debug|Any CPU
		{E5179EEC-4A25-482F-B2EE-7662F1184687}.Debug|Any CPU.Build.0 = Debug|Any CPU
		{E5179EEC-4A25-482F-B2EE-7662F1184687}.Release|Any CPU.ActiveCfg = Release|Any CPU
		{E5179EEC-4A25-482F-B2EE-7662F1184687}.Release|Any CPU.Build.0 = Release|Any CPU
		{2A97773B-4917-4EA9-8840-1DFCA8DC5F04}.Debug|Any CPU.ActiveCfg = Debug|Any CPU
		{2A97773B-4917-4EA9-8840-1DFCA8DC5F04}.Debug|Any CPU.Build.0 = Debug|Any CPU
		{2A97773B-4917-4EA9-8840-1DFCA8DC5F04}.Release|Any CPU.ActiveCfg = Release|Any CPU
		{2A97773B-4917-4EA9-8840-1DFCA8DC5F04}.Release|Any CPU.Build.0 = Release|Any CPU
		{A5D87CC3-4AC3-4D9F-AE97-92F81DE8AFE8}.Debug|Any CPU.ActiveCfg = Debug|Any CPU
		{A5D87CC3-4AC3-4D9F-AE97-92F81DE8AFE8}.Debug|Any CPU.Build.0 = Debug|Any CPU
		{A5D87CC3-4AC3-4D9F-AE97-92F81DE8AFE8}.Release|Any CPU.ActiveCfg = Release|Any CPU
		{A5D87CC3-4AC3-4D9F-AE97-92F81DE8AFE8}.Release|Any CPU.Build.0 = Release|Any CPU
		{ECBDFA0F-FED1-40AB-883D-F4A28245E418}.Debug|Any CPU.ActiveCfg = Debug|Any CPU
		{ECBDFA0F-FED1-40AB-883D-F4A28245E418}.Debug|Any CPU.Build.0 = Debug|Any CPU
		{ECBDFA0F-FED1-40AB-883D-F4A28245E418}.Release|Any CPU.ActiveCfg = Release|Any CPU
		{ECBDFA0F-FED1-40AB-883D-F4A28245E418}.Release|Any CPU.Build.0 = Release|Any CPU
		{DD329D5D-D18D-4390-99E4-17439E8AD4D7}.Debug|Any CPU.ActiveCfg = Debug|Any CPU
		{DD329D5D-D18D-4390-99E4-17439E8AD4D7}.Debug|Any CPU.Build.0 = Debug|Any CPU
		{DD329D5D-D18D-4390-99E4-17439E8AD4D7}.Release|Any CPU.ActiveCfg = Release|Any CPU
		{DD329D5D-D18D-4390-99E4-17439E8AD4D7}.Release|Any CPU.Build.0 = Release|Any CPU
		{84938CC6-540B-46B2-ADA0-4271F6E68982}.Debug|Any CPU.ActiveCfg = Debug|Any CPU
		{84938CC6-540B-46B2-ADA0-4271F6E68982}.Debug|Any CPU.Build.0 = Debug|Any CPU
		{84938CC6-540B-46B2-ADA0-4271F6E68982}.Release|Any CPU.ActiveCfg = Release|Any CPU
		{84938CC6-540B-46B2-ADA0-4271F6E68982}.Release|Any CPU.Build.0 = Release|Any CPU
		{832D1995-BEB4-42D1-B6EF-0C172C1BBBC3}.Debug|Any CPU.ActiveCfg = Debug|Any CPU
		{832D1995-BEB4-42D1-B6EF-0C172C1BBBC3}.Debug|Any CPU.Build.0 = Debug|Any CPU
		{832D1995-BEB4-42D1-B6EF-0C172C1BBBC3}.Release|Any CPU.ActiveCfg = Release|Any CPU
		{832D1995-BEB4-42D1-B6EF-0C172C1BBBC3}.Release|Any CPU.Build.0 = Release|Any CPU
		{8F50A017-9945-4F13-BDAC-7243BCE33E0D}.Debug|Any CPU.ActiveCfg = Debug|Any CPU
		{8F50A017-9945-4F13-BDAC-7243BCE33E0D}.Debug|Any CPU.Build.0 = Debug|Any CPU
		{8F50A017-9945-4F13-BDAC-7243BCE33E0D}.Release|Any CPU.ActiveCfg = Release|Any CPU
		{8F50A017-9945-4F13-BDAC-7243BCE33E0D}.Release|Any CPU.Build.0 = Release|Any CPU
		{F710F578-3D80-475E-BB1B-1CBB966C7C13}.Debug|Any CPU.ActiveCfg = Debug|Any CPU
		{F710F578-3D80-475E-BB1B-1CBB966C7C13}.Debug|Any CPU.Build.0 = Debug|Any CPU
		{F710F578-3D80-475E-BB1B-1CBB966C7C13}.Release|Any CPU.ActiveCfg = Release|Any CPU
		{F710F578-3D80-475E-BB1B-1CBB966C7C13}.Release|Any CPU.Build.0 = Release|Any CPU
		{081E7A5B-5EBB-43D7-B332-BE1F8A3CF93C}.Debug|Any CPU.ActiveCfg = Debug|Any CPU
		{081E7A5B-5EBB-43D7-B332-BE1F8A3CF93C}.Debug|Any CPU.Build.0 = Debug|Any CPU
		{081E7A5B-5EBB-43D7-B332-BE1F8A3CF93C}.Release|Any CPU.ActiveCfg = Release|Any CPU
		{081E7A5B-5EBB-43D7-B332-BE1F8A3CF93C}.Release|Any CPU.Build.0 = Release|Any CPU
		{92A3C239-7338-4F74-977A-7E428D710396}.Debug|Any CPU.ActiveCfg = Debug|Any CPU
		{92A3C239-7338-4F74-977A-7E428D710396}.Debug|Any CPU.Build.0 = Debug|Any CPU
		{92A3C239-7338-4F74-977A-7E428D710396}.Release|Any CPU.ActiveCfg = Release|Any CPU
		{92A3C239-7338-4F74-977A-7E428D710396}.Release|Any CPU.Build.0 = Release|Any CPU
		{F1BD7EEE-6233-4FC4-89B7-F5E8EAE3C547}.Debug|Any CPU.ActiveCfg = Debug|Any CPU
		{F1BD7EEE-6233-4FC4-89B7-F5E8EAE3C547}.Debug|Any CPU.Build.0 = Debug|Any CPU
		{F1BD7EEE-6233-4FC4-89B7-F5E8EAE3C547}.Release|Any CPU.ActiveCfg = Release|Any CPU
		{F1BD7EEE-6233-4FC4-89B7-F5E8EAE3C547}.Release|Any CPU.Build.0 = Release|Any CPU
		{973BA58F-3FD4-4A7D-AEEE-C9E0F135B12A}.Debug|Any CPU.ActiveCfg = Debug|Any CPU
		{973BA58F-3FD4-4A7D-AEEE-C9E0F135B12A}.Debug|Any CPU.Build.0 = Debug|Any CPU
		{973BA58F-3FD4-4A7D-AEEE-C9E0F135B12A}.Release|Any CPU.ActiveCfg = Release|Any CPU
		{973BA58F-3FD4-4A7D-AEEE-C9E0F135B12A}.Release|Any CPU.Build.0 = Release|Any CPU
		{66AA6B81-B885-44B8-B471-4F104FF97A03}.Debug|Any CPU.ActiveCfg = Debug|Any CPU
		{66AA6B81-B885-44B8-B471-4F104FF97A03}.Debug|Any CPU.Build.0 = Debug|Any CPU
		{66AA6B81-B885-44B8-B471-4F104FF97A03}.Release|Any CPU.ActiveCfg = Release|Any CPU
		{66AA6B81-B885-44B8-B471-4F104FF97A03}.Release|Any CPU.Build.0 = Release|Any CPU
	EndGlobalSection
	GlobalSection(SolutionProperties) = preSolution
		HideSolutionNode = FALSE
	EndGlobalSection
	GlobalSection(NestedProjects) = preSolution
		{A5D87CC3-4AC3-4D9F-AE97-92F81DE8AFE8} = {88A76105-91F6-4DC8-91C1-A124BE21C521}
		{ECBDFA0F-FED1-40AB-883D-F4A28245E418} = {2B603DA9-4E2D-45CA-8502-240A79E0334E}
		{DD329D5D-D18D-4390-99E4-17439E8AD4D7} = {2B603DA9-4E2D-45CA-8502-240A79E0334E}
		{84938CC6-540B-46B2-ADA0-4271F6E68982} = {35239EE1-9B8B-44AD-844E-A7B1BDF66FCE}
		{832D1995-BEB4-42D1-B6EF-0C172C1BBBC3} = {35239EE1-9B8B-44AD-844E-A7B1BDF66FCE}
		{8F50A017-9945-4F13-BDAC-7243BCE33E0D} = {35239EE1-9B8B-44AD-844E-A7B1BDF66FCE}
		{F710F578-3D80-475E-BB1B-1CBB966C7C13} = {AEFFEF3C-B6BA-4ADB-A6F7-6C042B138623}
		{081E7A5B-5EBB-43D7-B332-BE1F8A3CF93C} = {AEFFEF3C-B6BA-4ADB-A6F7-6C042B138623}
		{92A3C239-7338-4F74-977A-7E428D710396} = {8A8B6384-67C3-407D-B0F2-1A66DD57AE80}
		{F1BD7EEE-6233-4FC4-89B7-F5E8EAE3C547} = {8A8B6384-67C3-407D-B0F2-1A66DD57AE80}
		{973BA58F-3FD4-4A7D-AEEE-C9E0F135B12A} = {7F26AF0F-9B28-4A78-AA0C-48ED33A76735}
		{66AA6B81-B885-44B8-B471-4F104FF97A03} = {153B57DD-3C23-45A1-A733-5D799199718E}
	EndGlobalSection
	GlobalSection(ExtensibilityGlobals) = postSolution
		SolutionGuid = {92C30856-52D1-481A-8B1A-98B6FB6C3BBB}
	EndGlobalSection
EndGlobal
