
Microsoft Visual Studio Solution File, Format Version 12.00
# Visual Studio Version 16
VisualStudioVersion = 16.0.29613.14
MinimumVisualStudioVersion = 10.0.40219.1
Project("{FAE04EC0-301F-11D3-BF4B-00C04F79EFBC}") = "DotMap", "DotMap\DotMap.csproj", "{F2983A4F-898A-40CE-8CF2-55DCB3E0843D}"
EndProject
Project("{FAE04EC0-301F-11D3-BF4B-00C04F79EFBC}") = "DotMapEditor", "DotMapEditor\DotMapEditor.csproj", "{0D1A99C9-C6EA-496F-8363-22BF4FFCDCD6}"
EndProject
Global
	GlobalSection(SolutionConfigurationPlatforms) = preSolution
		Debug|Any CPU = Debug|Any CPU
		Release|Any CPU = Release|Any CPU
	EndGlobalSection
	GlobalSection(ProjectConfigurationPlatforms) = postSolution
		{F2983A4F-898A-40CE-8CF2-55DCB3E0843D}.Debug|Any CPU.ActiveCfg = Debug|Any CPU
		{F2983A4F-898A-40CE-8CF2-55DCB3E0843D}.Debug|Any CPU.Build.0 = Debug|Any CPU
		{F2983A4F-898A-40CE-8CF2-55DCB3E0843D}.Release|Any CPU.ActiveCfg = Release|Any CPU
		{F2983A4F-898A-40CE-8CF2-55DCB3E0843D}.Release|Any CPU.Build.0 = Release|Any CPU
		{0D1A99C9-C6EA-496F-8363-22BF4FFCDCD6}.Debug|Any CPU.ActiveCfg = Debug|Any CPU
		{0D1A99C9-C6EA-496F-8363-22BF4FFCDCD6}.Debug|Any CPU.Build.0 = Debug|Any CPU
		{0D1A99C9-C6EA-496F-8363-22BF4FFCDCD6}.Release|Any CPU.ActiveCfg = Release|Any CPU
		{0D1A99C9-C6EA-496F-8363-22BF4FFCDCD6}.Release|Any CPU.Build.0 = Release|Any CPU
	EndGlobalSection
	GlobalSection(SolutionProperties) = preSolution
		HideSolutionNode = FALSE
	EndGlobalSection
	GlobalSection(ExtensibilityGlobals) = postSolution
		SolutionGuid = {C886EB72-F85B-496B-AF48-571C3B65C520}
	EndGlobalSection
EndGlobal
