
Microsoft Visual Studio Solution File, Format Version 12.00
# Visual Studio Version 16
VisualStudioVersion = 16.0.29613.14
MinimumVisualStudioVersion = 10.0.40219.1
Project("{9A19103F-16F7-4668-BE54-9A1E7A4F7556}") = "PureMVCWPF", "PureMVCWPF\PureMVCWPF.csproj", "{151CADD6-CE8A-419D-A979-0F3CD97E0FA3}"
EndProject
Project("{FAE04EC0-301F-11D3-BF4B-00C04F79EFBC}") = "DotEngine.Framework", "DotEngine.Framework\DotEngine.Framework.csproj", "{F225C2EB-7E07-4F29-89C8-67551ADA8C91}"
EndProject
Global
	GlobalSection(SolutionConfigurationPlatforms) = preSolution
		Debug|Any CPU = Debug|Any CPU
		Release|Any CPU = Release|Any CPU
	EndGlobalSection
	GlobalSection(ProjectConfigurationPlatforms) = postSolution
		{151CADD6-CE8A-419D-A979-0F3CD97E0FA3}.Debug|Any CPU.ActiveCfg = Debug|Any CPU
		{151CADD6-CE8A-419D-A979-0F3CD97E0FA3}.Debug|Any CPU.Build.0 = Debug|Any CPU
		{151CADD6-CE8A-419D-A979-0F3CD97E0FA3}.Release|Any CPU.ActiveCfg = Release|Any CPU
		{151CADD6-CE8A-419D-A979-0F3CD97E0FA3}.Release|Any CPU.Build.0 = Release|Any CPU
		{F225C2EB-7E07-4F29-89C8-67551ADA8C91}.Debug|Any CPU.ActiveCfg = Debug|Any CPU
		{F225C2EB-7E07-4F29-89C8-67551ADA8C91}.Debug|Any CPU.Build.0 = Debug|Any CPU
		{F225C2EB-7E07-4F29-89C8-67551ADA8C91}.Release|Any CPU.ActiveCfg = Release|Any CPU
		{F225C2EB-7E07-4F29-89C8-67551ADA8C91}.Release|Any CPU.Build.0 = Release|Any CPU
	EndGlobalSection
	GlobalSection(SolutionProperties) = preSolution
		HideSolutionNode = FALSE
	EndGlobalSection
	GlobalSection(ExtensibilityGlobals) = postSolution
		SolutionGuid = {52BF7AA6-8719-4EBF-A331-C343D54408CE}
	EndGlobalSection
EndGlobal
