
Microsoft Visual Studio Solution File, Format Version 12.00
# Visual Studio Version 16
VisualStudioVersion = 16.0.29920.165
MinimumVisualStudioVersion = 10.0.40219.1
Project("{FAE04EC0-301F-11D3-BF4B-00C04F79EFBC}") = "DotEngine", "Core\DotEngine\DotEngine.csproj", "{FB66A876-D598-498C-8DBD-BEC7CC13C40D}"
EndProject
Project("{FAE04EC0-301F-11D3-BF4B-00C04F79EFBC}") = "DotEditor", "Core\DotEditor\DotEditor.csproj", "{620120C0-A2BB-4EE9-83EA-374195187574}"
EndProject
Project("{2150E333-8FDC-42A3-9474-1A3956D46DE8}") = "Others", "Others", "{E98DC73C-F348-4902-8ADA-4779FE4A1EA0}"
EndProject
Project("{FAE04EC0-301F-11D3-BF4B-00C04F79EFBC}") = "PriorityQueue", "Others\PriorityQueue\PriorityQueue.csproj", "{ECBDFA0F-FED1-40AB-883D-F4A28245E418}"
EndProject
Project("{2150E333-8FDC-42A3-9474-1A3956D46DE8}") = "Log", "Log", "{428CF0A2-BCAF-41C0-B7BE-B2D2D30BD992}"
EndProject
Project("{FAE04EC0-301F-11D3-BF4B-00C04F79EFBC}") = "DotEngine.Log", "Log\DotEngine.Log\DotEngine.Log.csproj", "{66AA6B81-B885-44B8-B471-4F104FF97A03}"
EndProject
Project("{2150E333-8FDC-42A3-9474-1A3956D46DE8}") = "Framework", "Framework", "{EF338EFA-65C6-491B-8E11-CA5791514F94}"
EndProject
Project("{FAE04EC0-301F-11D3-BF4B-00C04F79EFBC}") = "DotEngine.Framework", "Framework\DotEngine.Framework\DotEngine.Framework.csproj", "{A5D87CC3-4AC3-4D9F-AE97-92F81DE8AFE8}"
EndProject
Project("{2150E333-8FDC-42A3-9474-1A3956D46DE8}") = "Context", "Context", "{BBAA7C0D-BE6B-4430-8E4B-3F1625EBF41A}"
EndProject
Project("{FAE04EC0-301F-11D3-BF4B-00C04F79EFBC}") = "DotEngine.Context", "Context\DotEngine.Context\DotEngine.Context.csproj", "{973BA58F-3FD4-4A7D-AEEE-C9E0F135B12A}"
EndProject
Project("{2150E333-8FDC-42A3-9474-1A3956D46DE8}") = "Crypto", "Crypto", "{866E0E00-2689-44A9-9D47-7413277201CF}"
EndProject
Project("{FAE04EC0-301F-11D3-BF4B-00C04F79EFBC}") = "DotEngine.Crypto", "Crypto\DotEngine.Crypto\DotEngine.Crypto.csproj", "{6920F3ED-3AB9-41F4-B0F5-CB21B27BC53C}"
EndProject
Project("{2150E333-8FDC-42A3-9474-1A3956D46DE8}") = "Asset", "Asset", "{C6CCC8B5-2447-42DB-B70D-D2312A14523A}"
EndProject
Project("{2150E333-8FDC-42A3-9474-1A3956D46DE8}") = "NativeDrawer", "NativeDrawer", "{1FF7147E-2B7A-4E55-ABD3-714032D4DB9C}"
EndProject
Project("{FAE04EC0-301F-11D3-BF4B-00C04F79EFBC}") = "DotEngine.NativeDrawer", "NativeDrawer\DotEngine.NativeDrawer\DotEngine.NativeDrawer.csproj", "{53E3B1DA-4BCE-41FD-90F5-384D36C8F829}"
EndProject
Project("{FAE04EC0-301F-11D3-BF4B-00C04F79EFBC}") = "DotEditor.NativeDrawer", "NativeDrawer\DotEditor.NativeDrawer\DotEditor.NativeDrawer.csproj", "{532A1FD9-F45A-4DE9-8542-7800315F65B4}"
EndProject
Project("{FAE04EC0-301F-11D3-BF4B-00C04F79EFBC}") = "DotEngine.Asset", "Asset\DotEngine.Asset\DotEngine.Asset.csproj", "{4741F247-59ED-44F8-A3AA-B617C7447A9C}"
EndProject
Project("{FAE04EC0-301F-11D3-BF4B-00C04F79EFBC}") = "DotEditor.Asset", "Asset\DotEditor.Asset\DotEditor.Asset.csproj", "{3B480AB1-1514-462A-9083-33B407E46769}"
EndProject
Project("{2150E333-8FDC-42A3-9474-1A3956D46DE8}") = "Timer", "Timer", "{ECC76ED9-D5D3-424D-BF7D-673D9A4D5F90}"
EndProject
Project("{FAE04EC0-301F-11D3-BF4B-00C04F79EFBC}") = "DotEngine.Timer", "Timer\DotEngine.Timer\DotEngine.Timer.csproj", "{79435F1A-E02C-4372-85C9-348C556DFC46}"
EndProject
Project("{2150E333-8FDC-42A3-9474-1A3956D46DE8}") = "GOPool", "GOPool", "{75B0A114-1D56-47E8-8B9C-BF22B42203E2}"
EndProject
Project("{FAE04EC0-301F-11D3-BF4B-00C04F79EFBC}") = "DotEngine.GOPool", "GOPool\DotEngine.GOPool\DotEngine.GOPool.csproj", "{2DB926D6-A06D-4CB3-8194-2E264905537B}"
EndProject
Project("{FAE04EC0-301F-11D3-BF4B-00C04F79EFBC}") = "Snappy.Net", "Others\Snappy.Net\Snappy.Net.csproj", "{DD329D5D-D18D-4390-99E4-17439E8AD4D7}"
EndProject
Project("{2150E333-8FDC-42A3-9474-1A3956D46DE8}") = "Net", "Net", "{F505AFC0-07B7-4C6E-A060-EC51C99C29E4}"
EndProject
Project("{FAE04EC0-301F-11D3-BF4B-00C04F79EFBC}") = "DotEngine.Net", "Net\DotEngine.Net\DotEngine.Net.csproj", "{30D3AA21-A04F-4138-A1E6-C0696227DFA2}"
EndProject
Project("{2150E333-8FDC-42A3-9474-1A3956D46DE8}") = "AI", "AI", "{3AABE726-2DE2-45DF-9A18-C3FA79DABD25}"
EndProject
Project("{FAE04EC0-301F-11D3-BF4B-00C04F79EFBC}") = "DotEngine.FSM", "AI\DotEngine.FSM\DotEngine.FSM.csproj", "{FB2CBAC1-8CBE-40ED-87D7-165978EECDED}"
EndProject
Project("{2150E333-8FDC-42A3-9474-1A3956D46DE8}") = "Config", "Config", "{8F899DC0-4513-4394-90F9-05DBE6C441CE}"
EndProject
Project("{FAE04EC0-301F-11D3-BF4B-00C04F79EFBC}") = "DotEngine.Config", "Config\DotEngine.Config\DotEngine.Config.csproj", "{BE7F795A-D5B8-4558-942E-85F3A59DDC0F}"
EndProject
Project("{FAE04EC0-301F-11D3-BF4B-00C04F79EFBC}") = "DotEditor.Config", "Config\DotEditor.Config\DotEditor.Config.csproj", "{1CB6DE4C-0AD9-49D3-9FEE-3B1F22994BC5}"
EndProject
Project("{2150E333-8FDC-42A3-9474-1A3956D46DE8}") = "Tools", "Tools", "{B61C0A76-51A5-4152-BB7B-DE98E8DBCF46}"
EndProject
Project("{FAE04EC0-301F-11D3-BF4B-00C04F79EFBC}") = "DotTool.ScriptGenerate", "Tools\DotTool.ScriptGenerate\DotTool.ScriptGenerate.csproj", "{F710F578-3D80-475E-BB1B-1CBB966C7C13}"
EndProject
Project("{2150E333-8FDC-42A3-9474-1A3956D46DE8}") = "UI", "UI", "{FEA34CF3-E51E-4763-914A-8B882E53DEF3}"
EndProject
Project("{FAE04EC0-301F-11D3-BF4B-00C04F79EFBC}") = "DotEngine.UI", "UI\DotEngine.UI\DotEngine.UI.csproj", "{F49F24C7-6F00-468E-A2C6-121E80F59BE8}"
EndProject
Project("{FAE04EC0-301F-11D3-BF4B-00C04F79EFBC}") = "DotEditor.UI", "UI\DotEditor.UI\DotEditor.UI.csproj", "{085E460B-07E3-47AE-82E9-D2418E63E89A}"
EndProject
Project("{FAE04EC0-301F-11D3-BF4B-00C04F79EFBC}") = "ScriptGenerateDemo", "Tools\ScriptGenerateDemo\ScriptGenerateDemo.csproj", "{081E7A5B-5EBB-43D7-B332-BE1F8A3CF93C}"
EndProject
Project("{FAE04EC0-301F-11D3-BF4B-00C04F79EFBC}") = "DotTool.PBConfig", "Net\DotTool.PBConfig\DotTool.PBConfig.csproj", "{84938CC6-540B-46B2-ADA0-4271F6E68982}"
EndProject
Project("{FAE04EC0-301F-11D3-BF4B-00C04F79EFBC}") = "PBConfigTool", "Net\PBConfigTool\PBConfigTool.csproj", "{8F50A017-9945-4F13-BDAC-7243BCE33E0D}"
EndProject
Project("{FAE04EC0-301F-11D3-BF4B-00C04F79EFBC}") = "PBConfigGUI", "Net\PBConfigGUI\PBConfigGUI.csproj", "{832D1995-BEB4-42D1-B6EF-0C172C1BBBC3}"
EndProject
Project("{2150E333-8FDC-42A3-9474-1A3956D46DE8}") = "Timeline", "Timeline", "{3751D79F-AC29-40CD-8A85-80C6074B0135}"
EndProject
Project("{FAE04EC0-301F-11D3-BF4B-00C04F79EFBC}") = "DotEngine.Timeline", "Timeline\DotEngine.Timeline\DotEngine.Timeline.csproj", "{9DBA9002-9E48-4501-AEEF-D50981A46AC7}"
EndProject
Project("{FAE04EC0-301F-11D3-BF4B-00C04F79EFBC}") = "DotEditor.Timeline", "Timeline\DotEditor.Timeline\DotEditor.Timeline.csproj", "{A2F97150-26CA-4372-A786-C7B71A71D68E}"
EndProject
Project("{2150E333-8FDC-42A3-9474-1A3956D46DE8}") = "Entity", "Entity", "{4628A5C8-DE6F-49FA-BD40-5B652E158F89}"
EndProject
Project("{2150E333-8FDC-42A3-9474-1A3956D46DE8}") = "FileSystem", "FileSystem", "{3DC3A9CF-3E47-438D-9A88-6987DE247BF0}"
EndProject
Project("{FAE04EC0-301F-11D3-BF4B-00C04F79EFBC}") = "DotEngine.FileSystem", "FileSystem\DotEngine.FileSystem\DotEngine.FileSystem.csproj", "{C6A53D3D-CAE3-4567-8B6D-ACFEF88268CC}"
EndProject
Project("{2150E333-8FDC-42A3-9474-1A3956D46DE8}") = "BitmapFont", "BitmapFont", "{A93A29E2-A090-42B4-8637-A8217B583363}"
EndProject
Project("{FAE04EC0-301F-11D3-BF4B-00C04F79EFBC}") = "DotEngine.BitmapFont", "BitmapFont\DotEngine.BitmapFont\DotEngine.BitmapFont.csproj", "{DCBD3458-7537-4228-AA64-17296A160C8E}"
EndProject
Project("{FAE04EC0-301F-11D3-BF4B-00C04F79EFBC}") = "DotEditor.BitmapFont", "BitmapFont\DotEditor.BitmapFont\DotEditor.BitmapFont.csproj", "{202655A4-92DC-4A6D-B6A0-D60FAA6C1654}"
EndProject
Project("{FAE04EC0-301F-11D3-BF4B-00C04F79EFBC}") = "DotTool.ExcelToData", "Config\DotTool.ExcelToData\DotTool.ExcelToData.csproj", "{92A3C239-7338-4F74-977A-7E428D710396}"
EndProject
Project("{FAE04EC0-301F-11D3-BF4B-00C04F79EFBC}") = "ExcelToDataTool", "Config\ExcelToDataTool\ExcelToDataTool.csproj", "{F1BD7EEE-6233-4FC4-89B7-F5E8EAE3C547}"
EndProject
Project("{FAE04EC0-301F-11D3-BF4B-00C04F79EFBC}") = "FileSystemDemo", "FileSystem\FileSystemDemo\FileSystemDemo.csproj", "{2539F585-1E74-4EEC-BA93-6E7391E79A9C}"
EndProject
Global
	GlobalSection(SolutionConfigurationPlatforms) = preSolution
		Debug|Any CPU = Debug|Any CPU
		Release|Any CPU = Release|Any CPU
	EndGlobalSection
	GlobalSection(ProjectConfigurationPlatforms) = postSolution
		{FB66A876-D598-498C-8DBD-BEC7CC13C40D}.Debug|Any CPU.ActiveCfg = Debug|Any CPU
		{FB66A876-D598-498C-8DBD-BEC7CC13C40D}.Debug|Any CPU.Build.0 = Debug|Any CPU
		{FB66A876-D598-498C-8DBD-BEC7CC13C40D}.Release|Any CPU.ActiveCfg = Release|Any CPU
		{FB66A876-D598-498C-8DBD-BEC7CC13C40D}.Release|Any CPU.Build.0 = Release|Any CPU
		{620120C0-A2BB-4EE9-83EA-374195187574}.Debug|Any CPU.ActiveCfg = Debug|Any CPU
		{620120C0-A2BB-4EE9-83EA-374195187574}.Debug|Any CPU.Build.0 = Debug|Any CPU
		{620120C0-A2BB-4EE9-83EA-374195187574}.Release|Any CPU.ActiveCfg = Release|Any CPU
		{620120C0-A2BB-4EE9-83EA-374195187574}.Release|Any CPU.Build.0 = Release|Any CPU
		{ECBDFA0F-FED1-40AB-883D-F4A28245E418}.Debug|Any CPU.ActiveCfg = Debug|Any CPU
		{ECBDFA0F-FED1-40AB-883D-F4A28245E418}.Debug|Any CPU.Build.0 = Debug|Any CPU
		{ECBDFA0F-FED1-40AB-883D-F4A28245E418}.Release|Any CPU.ActiveCfg = Release|Any CPU
		{ECBDFA0F-FED1-40AB-883D-F4A28245E418}.Release|Any CPU.Build.0 = Release|Any CPU
		{66AA6B81-B885-44B8-B471-4F104FF97A03}.Debug|Any CPU.ActiveCfg = Debug|Any CPU
		{66AA6B81-B885-44B8-B471-4F104FF97A03}.Debug|Any CPU.Build.0 = Debug|Any CPU
		{66AA6B81-B885-44B8-B471-4F104FF97A03}.Release|Any CPU.ActiveCfg = Release|Any CPU
		{66AA6B81-B885-44B8-B471-4F104FF97A03}.Release|Any CPU.Build.0 = Release|Any CPU
		{A5D87CC3-4AC3-4D9F-AE97-92F81DE8AFE8}.Debug|Any CPU.ActiveCfg = Debug|Any CPU
		{A5D87CC3-4AC3-4D9F-AE97-92F81DE8AFE8}.Debug|Any CPU.Build.0 = Debug|Any CPU
		{A5D87CC3-4AC3-4D9F-AE97-92F81DE8AFE8}.Release|Any CPU.ActiveCfg = Release|Any CPU
		{A5D87CC3-4AC3-4D9F-AE97-92F81DE8AFE8}.Release|Any CPU.Build.0 = Release|Any CPU
		{973BA58F-3FD4-4A7D-AEEE-C9E0F135B12A}.Debug|Any CPU.ActiveCfg = Debug|Any CPU
		{973BA58F-3FD4-4A7D-AEEE-C9E0F135B12A}.Debug|Any CPU.Build.0 = Debug|Any CPU
		{973BA58F-3FD4-4A7D-AEEE-C9E0F135B12A}.Release|Any CPU.ActiveCfg = Release|Any CPU
		{973BA58F-3FD4-4A7D-AEEE-C9E0F135B12A}.Release|Any CPU.Build.0 = Release|Any CPU
		{6920F3ED-3AB9-41F4-B0F5-CB21B27BC53C}.Debug|Any CPU.ActiveCfg = Debug|Any CPU
		{6920F3ED-3AB9-41F4-B0F5-CB21B27BC53C}.Debug|Any CPU.Build.0 = Debug|Any CPU
		{6920F3ED-3AB9-41F4-B0F5-CB21B27BC53C}.Release|Any CPU.ActiveCfg = Release|Any CPU
		{6920F3ED-3AB9-41F4-B0F5-CB21B27BC53C}.Release|Any CPU.Build.0 = Release|Any CPU
		{53E3B1DA-4BCE-41FD-90F5-384D36C8F829}.Debug|Any CPU.ActiveCfg = Debug|Any CPU
		{53E3B1DA-4BCE-41FD-90F5-384D36C8F829}.Debug|Any CPU.Build.0 = Debug|Any CPU
		{53E3B1DA-4BCE-41FD-90F5-384D36C8F829}.Release|Any CPU.ActiveCfg = Release|Any CPU
		{53E3B1DA-4BCE-41FD-90F5-384D36C8F829}.Release|Any CPU.Build.0 = Release|Any CPU
		{532A1FD9-F45A-4DE9-8542-7800315F65B4}.Debug|Any CPU.ActiveCfg = Debug|Any CPU
		{532A1FD9-F45A-4DE9-8542-7800315F65B4}.Debug|Any CPU.Build.0 = Debug|Any CPU
		{532A1FD9-F45A-4DE9-8542-7800315F65B4}.Release|Any CPU.ActiveCfg = Release|Any CPU
		{532A1FD9-F45A-4DE9-8542-7800315F65B4}.Release|Any CPU.Build.0 = Release|Any CPU
		{4741F247-59ED-44F8-A3AA-B617C7447A9C}.Debug|Any CPU.ActiveCfg = Debug|Any CPU
		{4741F247-59ED-44F8-A3AA-B617C7447A9C}.Debug|Any CPU.Build.0 = Debug|Any CPU
		{4741F247-59ED-44F8-A3AA-B617C7447A9C}.Release|Any CPU.ActiveCfg = Release|Any CPU
		{4741F247-59ED-44F8-A3AA-B617C7447A9C}.Release|Any CPU.Build.0 = Release|Any CPU
		{3B480AB1-1514-462A-9083-33B407E46769}.Debug|Any CPU.ActiveCfg = Debug|Any CPU
		{3B480AB1-1514-462A-9083-33B407E46769}.Debug|Any CPU.Build.0 = Debug|Any CPU
		{3B480AB1-1514-462A-9083-33B407E46769}.Release|Any CPU.ActiveCfg = Release|Any CPU
		{3B480AB1-1514-462A-9083-33B407E46769}.Release|Any CPU.Build.0 = Release|Any CPU
		{79435F1A-E02C-4372-85C9-348C556DFC46}.Debug|Any CPU.ActiveCfg = Debug|Any CPU
		{79435F1A-E02C-4372-85C9-348C556DFC46}.Debug|Any CPU.Build.0 = Debug|Any CPU
		{79435F1A-E02C-4372-85C9-348C556DFC46}.Release|Any CPU.ActiveCfg = Release|Any CPU
		{79435F1A-E02C-4372-85C9-348C556DFC46}.Release|Any CPU.Build.0 = Release|Any CPU
		{2DB926D6-A06D-4CB3-8194-2E264905537B}.Debug|Any CPU.ActiveCfg = Debug|Any CPU
		{2DB926D6-A06D-4CB3-8194-2E264905537B}.Debug|Any CPU.Build.0 = Debug|Any CPU
		{2DB926D6-A06D-4CB3-8194-2E264905537B}.Release|Any CPU.ActiveCfg = Release|Any CPU
		{2DB926D6-A06D-4CB3-8194-2E264905537B}.Release|Any CPU.Build.0 = Release|Any CPU
		{DD329D5D-D18D-4390-99E4-17439E8AD4D7}.Debug|Any CPU.ActiveCfg = Debug|Any CPU
		{DD329D5D-D18D-4390-99E4-17439E8AD4D7}.Debug|Any CPU.Build.0 = Debug|Any CPU
		{DD329D5D-D18D-4390-99E4-17439E8AD4D7}.Release|Any CPU.ActiveCfg = Release|Any CPU
		{DD329D5D-D18D-4390-99E4-17439E8AD4D7}.Release|Any CPU.Build.0 = Release|Any CPU
		{30D3AA21-A04F-4138-A1E6-C0696227DFA2}.Debug|Any CPU.ActiveCfg = Debug|Any CPU
		{30D3AA21-A04F-4138-A1E6-C0696227DFA2}.Debug|Any CPU.Build.0 = Debug|Any CPU
		{30D3AA21-A04F-4138-A1E6-C0696227DFA2}.Release|Any CPU.ActiveCfg = Release|Any CPU
		{30D3AA21-A04F-4138-A1E6-C0696227DFA2}.Release|Any CPU.Build.0 = Release|Any CPU
		{FB2CBAC1-8CBE-40ED-87D7-165978EECDED}.Debug|Any CPU.ActiveCfg = Debug|Any CPU
		{FB2CBAC1-8CBE-40ED-87D7-165978EECDED}.Debug|Any CPU.Build.0 = Debug|Any CPU
		{FB2CBAC1-8CBE-40ED-87D7-165978EECDED}.Release|Any CPU.ActiveCfg = Release|Any CPU
		{FB2CBAC1-8CBE-40ED-87D7-165978EECDED}.Release|Any CPU.Build.0 = Release|Any CPU
		{BE7F795A-D5B8-4558-942E-85F3A59DDC0F}.Debug|Any CPU.ActiveCfg = Debug|Any CPU
		{BE7F795A-D5B8-4558-942E-85F3A59DDC0F}.Debug|Any CPU.Build.0 = Debug|Any CPU
		{BE7F795A-D5B8-4558-942E-85F3A59DDC0F}.Release|Any CPU.ActiveCfg = Release|Any CPU
		{BE7F795A-D5B8-4558-942E-85F3A59DDC0F}.Release|Any CPU.Build.0 = Release|Any CPU
		{1CB6DE4C-0AD9-49D3-9FEE-3B1F22994BC5}.Debug|Any CPU.ActiveCfg = Debug|Any CPU
		{1CB6DE4C-0AD9-49D3-9FEE-3B1F22994BC5}.Debug|Any CPU.Build.0 = Debug|Any CPU
		{1CB6DE4C-0AD9-49D3-9FEE-3B1F22994BC5}.Release|Any CPU.ActiveCfg = Release|Any CPU
		{1CB6DE4C-0AD9-49D3-9FEE-3B1F22994BC5}.Release|Any CPU.Build.0 = Release|Any CPU
		{F710F578-3D80-475E-BB1B-1CBB966C7C13}.Debug|Any CPU.ActiveCfg = Debug|Any CPU
		{F710F578-3D80-475E-BB1B-1CBB966C7C13}.Debug|Any CPU.Build.0 = Debug|Any CPU
		{F710F578-3D80-475E-BB1B-1CBB966C7C13}.Release|Any CPU.ActiveCfg = Release|Any CPU
		{F710F578-3D80-475E-BB1B-1CBB966C7C13}.Release|Any CPU.Build.0 = Release|Any CPU
		{F49F24C7-6F00-468E-A2C6-121E80F59BE8}.Debug|Any CPU.ActiveCfg = Debug|Any CPU
		{F49F24C7-6F00-468E-A2C6-121E80F59BE8}.Debug|Any CPU.Build.0 = Debug|Any CPU
		{F49F24C7-6F00-468E-A2C6-121E80F59BE8}.Release|Any CPU.ActiveCfg = Release|Any CPU
		{F49F24C7-6F00-468E-A2C6-121E80F59BE8}.Release|Any CPU.Build.0 = Release|Any CPU
		{085E460B-07E3-47AE-82E9-D2418E63E89A}.Debug|Any CPU.ActiveCfg = Debug|Any CPU
		{085E460B-07E3-47AE-82E9-D2418E63E89A}.Debug|Any CPU.Build.0 = Debug|Any CPU
		{085E460B-07E3-47AE-82E9-D2418E63E89A}.Release|Any CPU.ActiveCfg = Release|Any CPU
		{085E460B-07E3-47AE-82E9-D2418E63E89A}.Release|Any CPU.Build.0 = Release|Any CPU
		{081E7A5B-5EBB-43D7-B332-BE1F8A3CF93C}.Debug|Any CPU.ActiveCfg = Debug|Any CPU
		{081E7A5B-5EBB-43D7-B332-BE1F8A3CF93C}.Debug|Any CPU.Build.0 = Debug|Any CPU
		{081E7A5B-5EBB-43D7-B332-BE1F8A3CF93C}.Release|Any CPU.ActiveCfg = Release|Any CPU
		{081E7A5B-5EBB-43D7-B332-BE1F8A3CF93C}.Release|Any CPU.Build.0 = Release|Any CPU
		{84938CC6-540B-46B2-ADA0-4271F6E68982}.Debug|Any CPU.ActiveCfg = Debug|Any CPU
		{84938CC6-540B-46B2-ADA0-4271F6E68982}.Debug|Any CPU.Build.0 = Debug|Any CPU
		{84938CC6-540B-46B2-ADA0-4271F6E68982}.Release|Any CPU.ActiveCfg = Release|Any CPU
		{84938CC6-540B-46B2-ADA0-4271F6E68982}.Release|Any CPU.Build.0 = Release|Any CPU
		{8F50A017-9945-4F13-BDAC-7243BCE33E0D}.Debug|Any CPU.ActiveCfg = Debug|Any CPU
		{8F50A017-9945-4F13-BDAC-7243BCE33E0D}.Debug|Any CPU.Build.0 = Debug|Any CPU
		{8F50A017-9945-4F13-BDAC-7243BCE33E0D}.Release|Any CPU.ActiveCfg = Release|Any CPU
		{8F50A017-9945-4F13-BDAC-7243BCE33E0D}.Release|Any CPU.Build.0 = Release|Any CPU
		{832D1995-BEB4-42D1-B6EF-0C172C1BBBC3}.Debug|Any CPU.ActiveCfg = Debug|Any CPU
		{832D1995-BEB4-42D1-B6EF-0C172C1BBBC3}.Debug|Any CPU.Build.0 = Debug|Any CPU
		{832D1995-BEB4-42D1-B6EF-0C172C1BBBC3}.Release|Any CPU.ActiveCfg = Release|Any CPU
		{832D1995-BEB4-42D1-B6EF-0C172C1BBBC3}.Release|Any CPU.Build.0 = Release|Any CPU
		{9DBA9002-9E48-4501-AEEF-D50981A46AC7}.Debug|Any CPU.ActiveCfg = Debug|Any CPU
		{9DBA9002-9E48-4501-AEEF-D50981A46AC7}.Debug|Any CPU.Build.0 = Debug|Any CPU
		{9DBA9002-9E48-4501-AEEF-D50981A46AC7}.Release|Any CPU.ActiveCfg = Release|Any CPU
		{9DBA9002-9E48-4501-AEEF-D50981A46AC7}.Release|Any CPU.Build.0 = Release|Any CPU
		{A2F97150-26CA-4372-A786-C7B71A71D68E}.Debug|Any CPU.ActiveCfg = Debug|Any CPU
		{A2F97150-26CA-4372-A786-C7B71A71D68E}.Debug|Any CPU.Build.0 = Debug|Any CPU
		{A2F97150-26CA-4372-A786-C7B71A71D68E}.Release|Any CPU.ActiveCfg = Release|Any CPU
		{A2F97150-26CA-4372-A786-C7B71A71D68E}.Release|Any CPU.Build.0 = Release|Any CPU
		{C6A53D3D-CAE3-4567-8B6D-ACFEF88268CC}.Debug|Any CPU.ActiveCfg = Debug|Any CPU
		{C6A53D3D-CAE3-4567-8B6D-ACFEF88268CC}.Debug|Any CPU.Build.0 = Debug|Any CPU
		{C6A53D3D-CAE3-4567-8B6D-ACFEF88268CC}.Release|Any CPU.ActiveCfg = Release|Any CPU
		{C6A53D3D-CAE3-4567-8B6D-ACFEF88268CC}.Release|Any CPU.Build.0 = Release|Any CPU
		{DCBD3458-7537-4228-AA64-17296A160C8E}.Debug|Any CPU.ActiveCfg = Debug|Any CPU
		{DCBD3458-7537-4228-AA64-17296A160C8E}.Debug|Any CPU.Build.0 = Debug|Any CPU
		{DCBD3458-7537-4228-AA64-17296A160C8E}.Release|Any CPU.ActiveCfg = Release|Any CPU
		{DCBD3458-7537-4228-AA64-17296A160C8E}.Release|Any CPU.Build.0 = Release|Any CPU
		{202655A4-92DC-4A6D-B6A0-D60FAA6C1654}.Debug|Any CPU.ActiveCfg = Debug|Any CPU
		{202655A4-92DC-4A6D-B6A0-D60FAA6C1654}.Debug|Any CPU.Build.0 = Debug|Any CPU
		{202655A4-92DC-4A6D-B6A0-D60FAA6C1654}.Release|Any CPU.ActiveCfg = Release|Any CPU
		{202655A4-92DC-4A6D-B6A0-D60FAA6C1654}.Release|Any CPU.Build.0 = Release|Any CPU
		{92A3C239-7338-4F74-977A-7E428D710396}.Debug|Any CPU.ActiveCfg = Debug|Any CPU
		{92A3C239-7338-4F74-977A-7E428D710396}.Debug|Any CPU.Build.0 = Debug|Any CPU
		{92A3C239-7338-4F74-977A-7E428D710396}.Release|Any CPU.ActiveCfg = Release|Any CPU
		{92A3C239-7338-4F74-977A-7E428D710396}.Release|Any CPU.Build.0 = Release|Any CPU
		{F1BD7EEE-6233-4FC4-89B7-F5E8EAE3C547}.Debug|Any CPU.ActiveCfg = Debug|Any CPU
		{F1BD7EEE-6233-4FC4-89B7-F5E8EAE3C547}.Debug|Any CPU.Build.0 = Debug|Any CPU
		{F1BD7EEE-6233-4FC4-89B7-F5E8EAE3C547}.Release|Any CPU.ActiveCfg = Release|Any CPU
		{F1BD7EEE-6233-4FC4-89B7-F5E8EAE3C547}.Release|Any CPU.Build.0 = Release|Any CPU
		{2539F585-1E74-4EEC-BA93-6E7391E79A9C}.Debug|Any CPU.ActiveCfg = Debug|Any CPU
		{2539F585-1E74-4EEC-BA93-6E7391E79A9C}.Debug|Any CPU.Build.0 = Debug|Any CPU
		{2539F585-1E74-4EEC-BA93-6E7391E79A9C}.Release|Any CPU.ActiveCfg = Release|Any CPU
		{2539F585-1E74-4EEC-BA93-6E7391E79A9C}.Release|Any CPU.Build.0 = Release|Any CPU
	EndGlobalSection
	GlobalSection(SolutionProperties) = preSolution
		HideSolutionNode = FALSE
	EndGlobalSection
	GlobalSection(NestedProjects) = preSolution
		{ECBDFA0F-FED1-40AB-883D-F4A28245E418} = {E98DC73C-F348-4902-8ADA-4779FE4A1EA0}
		{66AA6B81-B885-44B8-B471-4F104FF97A03} = {428CF0A2-BCAF-41C0-B7BE-B2D2D30BD992}
		{A5D87CC3-4AC3-4D9F-AE97-92F81DE8AFE8} = {EF338EFA-65C6-491B-8E11-CA5791514F94}
		{973BA58F-3FD4-4A7D-AEEE-C9E0F135B12A} = {BBAA7C0D-BE6B-4430-8E4B-3F1625EBF41A}
		{6920F3ED-3AB9-41F4-B0F5-CB21B27BC53C} = {866E0E00-2689-44A9-9D47-7413277201CF}
		{53E3B1DA-4BCE-41FD-90F5-384D36C8F829} = {1FF7147E-2B7A-4E55-ABD3-714032D4DB9C}
		{532A1FD9-F45A-4DE9-8542-7800315F65B4} = {1FF7147E-2B7A-4E55-ABD3-714032D4DB9C}
		{4741F247-59ED-44F8-A3AA-B617C7447A9C} = {C6CCC8B5-2447-42DB-B70D-D2312A14523A}
		{3B480AB1-1514-462A-9083-33B407E46769} = {C6CCC8B5-2447-42DB-B70D-D2312A14523A}
		{79435F1A-E02C-4372-85C9-348C556DFC46} = {ECC76ED9-D5D3-424D-BF7D-673D9A4D5F90}
		{2DB926D6-A06D-4CB3-8194-2E264905537B} = {75B0A114-1D56-47E8-8B9C-BF22B42203E2}
		{DD329D5D-D18D-4390-99E4-17439E8AD4D7} = {E98DC73C-F348-4902-8ADA-4779FE4A1EA0}
		{30D3AA21-A04F-4138-A1E6-C0696227DFA2} = {F505AFC0-07B7-4C6E-A060-EC51C99C29E4}
		{FB2CBAC1-8CBE-40ED-87D7-165978EECDED} = {3AABE726-2DE2-45DF-9A18-C3FA79DABD25}
		{BE7F795A-D5B8-4558-942E-85F3A59DDC0F} = {8F899DC0-4513-4394-90F9-05DBE6C441CE}
		{1CB6DE4C-0AD9-49D3-9FEE-3B1F22994BC5} = {8F899DC0-4513-4394-90F9-05DBE6C441CE}
		{F710F578-3D80-475E-BB1B-1CBB966C7C13} = {B61C0A76-51A5-4152-BB7B-DE98E8DBCF46}
		{F49F24C7-6F00-468E-A2C6-121E80F59BE8} = {FEA34CF3-E51E-4763-914A-8B882E53DEF3}
		{085E460B-07E3-47AE-82E9-D2418E63E89A} = {FEA34CF3-E51E-4763-914A-8B882E53DEF3}
		{081E7A5B-5EBB-43D7-B332-BE1F8A3CF93C} = {B61C0A76-51A5-4152-BB7B-DE98E8DBCF46}
		{84938CC6-540B-46B2-ADA0-4271F6E68982} = {F505AFC0-07B7-4C6E-A060-EC51C99C29E4}
		{8F50A017-9945-4F13-BDAC-7243BCE33E0D} = {F505AFC0-07B7-4C6E-A060-EC51C99C29E4}
		{832D1995-BEB4-42D1-B6EF-0C172C1BBBC3} = {F505AFC0-07B7-4C6E-A060-EC51C99C29E4}
		{9DBA9002-9E48-4501-AEEF-D50981A46AC7} = {3751D79F-AC29-40CD-8A85-80C6074B0135}
		{A2F97150-26CA-4372-A786-C7B71A71D68E} = {3751D79F-AC29-40CD-8A85-80C6074B0135}
		{C6A53D3D-CAE3-4567-8B6D-ACFEF88268CC} = {3DC3A9CF-3E47-438D-9A88-6987DE247BF0}
		{DCBD3458-7537-4228-AA64-17296A160C8E} = {A93A29E2-A090-42B4-8637-A8217B583363}
		{202655A4-92DC-4A6D-B6A0-D60FAA6C1654} = {A93A29E2-A090-42B4-8637-A8217B583363}
		{92A3C239-7338-4F74-977A-7E428D710396} = {8F899DC0-4513-4394-90F9-05DBE6C441CE}
		{F1BD7EEE-6233-4FC4-89B7-F5E8EAE3C547} = {8F899DC0-4513-4394-90F9-05DBE6C441CE}
		{2539F585-1E74-4EEC-BA93-6E7391E79A9C} = {3DC3A9CF-3E47-438D-9A88-6987DE247BF0}
	EndGlobalSection
	GlobalSection(ExtensibilityGlobals) = postSolution
		SolutionGuid = {47FC44EA-F87D-4456-A8D2-E6113377EC98}
	EndGlobalSection
EndGlobal
