
Microsoft Visual Studio Solution File, Format Version 12.00
# Visual Studio Version 16
VisualStudioVersion = 16.0.29911.84
MinimumVisualStudioVersion = 10.0.40219.1
Project("{FAE04EC0-301F-11D3-BF4B-00C04F79EFBC}") = "DotSerialize", "DotSerialize\DotSerialize.csproj", "{73C9C4DF-C46B-491F-88F3-B75E3293BE91}"
EndProject
Global
	GlobalSection(SolutionConfigurationPlatforms) = preSolution
		Debug|Any CPU = Debug|Any CPU
		Release|Any CPU = Release|Any CPU
	EndGlobalSection
	GlobalSection(ProjectConfigurationPlatforms) = postSolution
		{73C9C4DF-C46B-491F-88F3-B75E3293BE91}.Debug|Any CPU.ActiveCfg = Debug|Any CPU
		{73C9C4DF-C46B-491F-88F3-B75E3293BE91}.Debug|Any CPU.Build.0 = Debug|Any CPU
		{73C9C4DF-C46B-491F-88F3-B75E3293BE91}.Release|Any CPU.ActiveCfg = Release|Any CPU
		{73C9C4DF-C46B-491F-88F3-B75E3293BE91}.Release|Any CPU.Build.0 = Release|Any CPU
	EndGlobalSection
	GlobalSection(SolutionProperties) = preSolution
		HideSolutionNode = FALSE
	EndGlobalSection
	GlobalSection(ExtensibilityGlobals) = postSolution
		SolutionGuid = {36E3D35B-57C0-4811-84C4-8A6385DC7B90}
	EndGlobalSection
EndGlobal
