
Microsoft Visual Studio Solution File, Format Version 12.00
# Visual Studio Version 16
VisualStudioVersion = 16.0.29926.136
MinimumVisualStudioVersion = 10.0.40219.1
Project("{FAE04EC0-301F-11D3-BF4B-00C04F79EFBC}") = "DotConfig", "DotConfig\DotConfig.csproj", "{D7353C36-ACA8-454D-8A61-E3707EFE5CE5}"
EndProject
Project("{FAE04EC0-301F-11D3-BF4B-00C04F79EFBC}") = "DotConfigEditor", "DotConfigEditor\DotConfigEditor.csproj", "{F79667A9-0309-4B90-84D9-0BA0CF85F76E}"
EndProject
Global
	GlobalSection(SolutionConfigurationPlatforms) = preSolution
		Debug|Any CPU = Debug|Any CPU
		Release|Any CPU = Release|Any CPU
	EndGlobalSection
	GlobalSection(ProjectConfigurationPlatforms) = postSolution
		{D7353C36-ACA8-454D-8A61-E3707EFE5CE5}.Debug|Any CPU.ActiveCfg = Debug|Any CPU
		{D7353C36-ACA8-454D-8A61-E3707EFE5CE5}.Debug|Any CPU.Build.0 = Debug|Any CPU
		{D7353C36-ACA8-454D-8A61-E3707EFE5CE5}.Release|Any CPU.ActiveCfg = Release|Any CPU
		{D7353C36-ACA8-454D-8A61-E3707EFE5CE5}.Release|Any CPU.Build.0 = Release|Any CPU
		{F79667A9-0309-4B90-84D9-0BA0CF85F76E}.Debug|Any CPU.ActiveCfg = Debug|Any CPU
		{F79667A9-0309-4B90-84D9-0BA0CF85F76E}.Debug|Any CPU.Build.0 = Debug|Any CPU
		{F79667A9-0309-4B90-84D9-0BA0CF85F76E}.Release|Any CPU.ActiveCfg = Release|Any CPU
		{F79667A9-0309-4B90-84D9-0BA0CF85F76E}.Release|Any CPU.Build.0 = Release|Any CPU
	EndGlobalSection
	GlobalSection(SolutionProperties) = preSolution
		HideSolutionNode = FALSE
	EndGlobalSection
	GlobalSection(ExtensibilityGlobals) = postSolution
		SolutionGuid = {D18A7EEE-BDE5-48C3-9D11-977FFC7E52A7}
	EndGlobalSection
EndGlobal
